lockfileVersion: '9.0'

settings:
  autoInstallPeers: true
  excludeLinksFromLockfile: false

importers:

  .:
    devDependencies:
      '@types/react':
        specifier: ^18.2.78
        version: 18.2.78
      bunchee:
        specifier: ^5.1.2
        version: 5.1.2(typescript@5.4.5)
      next:
        specifier: ^14.2.1
        version: 14.2.1(react-dom@18.2.0)(react@18.2.0)
      react:
        specifier: ^18.2.0
        version: 18.2.0
      react-dom:
        specifier: ^18.2.0
        version: 18.2.0(react@18.2.0)
      typescript:
        specifier: ^5.4.5
        version: 5.4.5

  example:
    dependencies:
      geist:
        specifier: ^1.3.0
        version: 1.3.0(next@14.2.1)
      next:
        specifier: ^14.2.1
        version: 14.2.1(react-dom@18.2.0)(react@18.2.0)
      next-view-transitions:
        specifier: workspace:*
        version: link:..
      react:
        specifier: ^18.2.0
        version: 18.2.0
      react-dom:
        specifier: ^18.2.0
        version: 18.2.0(react@18.2.0)

packages:

  '@babel/code-frame@7.24.2':
    resolution: {integrity: sha512-y5+tLQyV8pg3fsiln67BVLD1P13Eg4lh5RW9mF0zUuvLrv9uIQ4MCL+CRT+FTsBlBjcIan6PGsLcBN0m3ClUyQ==}
    engines: {node: '>=6.9.0'}

  '@babel/helper-validator-identifier@7.22.20':
    resolution: {integrity: sha512-Y4OZ+ytlatR8AI+8KZfKuL5urKp7qey08ha31L8b3BwewJAoJamTzyvxPR/5D+KkdJCGPq/+8TukHBlY10FX9A==}
    engines: {node: '>=6.9.0'}

  '@babel/highlight@7.24.2':
    resolution: {integrity: sha512-Yac1ao4flkTxTteCDZLEvdxg2fZfz1v8M4QpaGypq/WPDqg3ijHYbDfs+LG5hvzSoqaSZ9/Z9lKSP3CjZjv+pA==}
    engines: {node: '>=6.9.0'}

  '@fastify/deepmerge@1.3.0':
    resolution: {integrity: sha512-J8TOSBq3SoZbDhM9+R/u77hP93gz/rajSA+K2kGyijPpORPWUXHUpTaleoj+92As0S9uPRP7Oi8IqMf0u+ro6A==}

  '@jridgewell/sourcemap-codec@1.4.15':
    resolution: {integrity: sha512-eF2rxCRulEKXHTRiDrDy6erMYWqNw4LPdQ8UQA4huuxaQsVeRPFl2oM8oDGxMFhJUWZf9McpLtJasDDZb/Bpeg==}

  '@next/env@14.2.1':
    resolution: {integrity: sha512-qsHJle3GU3CmVx7pUoXcghX4sRN+vINkbLdH611T8ZlsP//grzqVW87BSUgOZeSAD4q7ZdZicdwNe/20U2janA==}

  '@next/swc-darwin-arm64@14.2.1':
    resolution: {integrity: sha512-kGjnjcIJehEcd3rT/3NAATJQndAEELk0J9GmGMXHSC75TMnvpOhONcjNHbjtcWE5HUQnIHy5JVkatrnYm1QhVw==}
    engines: {node: '>= 10'}
    cpu: [arm64]
    os: [darwin]

  '@next/swc-darwin-x64@14.2.1':
    resolution: {integrity: sha512-dAdWndgdQi7BK2WSXrx4lae7mYcOYjbHJUhvOUnJjMNYrmYhxbbvJ2xElZpxNxdfA6zkqagIB9He2tQk+l16ew==}
    engines: {node: '>= 10'}
    cpu: [x64]
    os: [darwin]

  '@next/swc-linux-arm64-gnu@14.2.1':
    resolution: {integrity: sha512-2ZctfnyFOGvTkoD6L+DtQtO3BfFz4CapoHnyLTXkOxbZkVRgg3TQBUjTD/xKrO1QWeydeo8AWfZRg8539qNKrg==}
    engines: {node: '>= 10'}
    cpu: [arm64]
    os: [linux]

  '@next/swc-linux-arm64-musl@14.2.1':
    resolution: {integrity: sha512-jazZXctiaanemy4r+TPIpFP36t1mMwWCKMsmrTRVChRqE6putyAxZA4PDujx0SnfvZHosjdkx9xIq9BzBB5tWg==}
    engines: {node: '>= 10'}
    cpu: [arm64]
    os: [linux]

  '@next/swc-linux-x64-gnu@14.2.1':
    resolution: {integrity: sha512-VjCHWCjsAzQAAo8lkBOLEIkBZFdfW+Z18qcQ056kL4KpUYc8o59JhLDCBlhg+hINQRgzQ2UPGma2AURGOH0+Qg==}
    engines: {node: '>= 10'}
    cpu: [x64]
    os: [linux]

  '@next/swc-linux-x64-musl@14.2.1':
    resolution: {integrity: sha512-7HZKYKvAp4nAHiHIbY04finRqjeYvkITOGOurP1aLMexIFG/1+oCnqhGogBdc4lao/lkMW1c+AkwWSzSlLasqw==}
    engines: {node: '>= 10'}
    cpu: [x64]
    os: [linux]

  '@next/swc-win32-arm64-msvc@14.2.1':
    resolution: {integrity: sha512-YGHklaJ/Cj/F0Xd8jxgj2p8po4JTCi6H7Z3Yics3xJhm9CPIqtl8erlpK1CLv+HInDqEWfXilqatF8YsLxxA2Q==}
    engines: {node: '>= 10'}
    cpu: [arm64]
    os: [win32]

  '@next/swc-win32-ia32-msvc@14.2.1':
    resolution: {integrity: sha512-o+ISKOlvU/L43ZhtAAfCjwIfcwuZstiHVXq/BDsZwGqQE0h/81td95MPHliWCnFoikzWcYqh+hz54ZB2FIT8RA==}
    engines: {node: '>= 10'}
    cpu: [ia32]
    os: [win32]

  '@next/swc-win32-x64-msvc@14.2.1':
    resolution: {integrity: sha512-GmRoTiLcvCLifujlisknv4zu9/C4i9r0ktsA8E51EMqJL4bD4CpO7lDYr7SrUxCR0tS4RVcrqKmCak24T0ohaw==}
    engines: {node: '>= 10'}
    cpu: [x64]
    os: [win32]

  '@rollup/plugin-commonjs@25.0.7':
    resolution: {integrity: sha512-nEvcR+LRjEjsaSsc4x3XZfCCvZIaSMenZu/OiwOKGN2UhQpAYI7ru7czFvyWbErlpoGjnSX3D5Ch5FcMA3kRWQ==}
    engines: {node: '>=14.0.0'}
    peerDependencies:
      rollup: ^2.68.0||^3.0.0||^4.0.0
    peerDependenciesMeta:
      rollup:
        optional: true

  '@rollup/plugin-json@6.1.0':
    resolution: {integrity: sha512-EGI2te5ENk1coGeADSIwZ7G2Q8CJS2sF120T7jLw4xFw9n7wIOXHo+kIYRAoVpJAN+kmqZSoO3Fp4JtoNF4ReA==}
    engines: {node: '>=14.0.0'}
    peerDependencies:
      rollup: ^1.20.0||^2.0.0||^3.0.0||^4.0.0
    peerDependenciesMeta:
      rollup:
        optional: true

  '@rollup/plugin-node-resolve@15.2.3':
    resolution: {integrity: sha512-j/lym8nf5E21LwBT4Df1VD6hRO2L2iwUeUmP7litikRsVp1H6NWx20NEp0Y7su+7XGc476GnXXc4kFeZNGmaSQ==}
    engines: {node: '>=14.0.0'}
    peerDependencies:
      rollup: ^2.78.0||^3.0.0||^4.0.0
    peerDependenciesMeta:
      rollup:
        optional: true

  '@rollup/plugin-replace@5.0.5':
    resolution: {integrity: sha512-rYO4fOi8lMaTg/z5Jb+hKnrHHVn8j2lwkqwyS4kTRhKyWOLf2wST2sWXr4WzWiTcoHTp2sTjqUbqIj2E39slKQ==}
    engines: {node: '>=14.0.0'}
    peerDependencies:
      rollup: ^1.20.0||^2.0.0||^3.0.0||^4.0.0
    peerDependenciesMeta:
      rollup:
        optional: true

  '@rollup/plugin-wasm@6.2.2':
    resolution: {integrity: sha512-gpC4R1G9Ni92ZIRTexqbhX7U+9estZrbhP+9SRb0DW9xpB9g7j34r+J2hqrcW/lRI7dJaU84MxZM0Rt82tqYPQ==}
    engines: {node: '>=14.0.0'}
    peerDependencies:
      rollup: ^1.20.0||^2.0.0||^3.0.0||^4.0.0
    peerDependenciesMeta:
      rollup:
        optional: true

  '@rollup/pluginutils@5.1.0':
    resolution: {integrity: sha512-XTIWOPPcpvyKI6L1NHo0lFlCyznUEyPmPY1mc3KpPVDYulHSTvyeLNVW00QTLIAFNhR3kYnJTQHeGqU4M3n09g==}
    engines: {node: '>=14.0.0'}
    peerDependencies:
      rollup: ^1.20.0||^2.0.0||^3.0.0||^4.0.0
    peerDependenciesMeta:
      rollup:
        optional: true

  '@rollup/rollup-android-arm-eabi@4.14.2':
    resolution: {integrity: sha512-ahxSgCkAEk+P/AVO0vYr7DxOD3CwAQrT0Go9BJyGQ9Ef0QxVOfjDZMiF4Y2s3mLyPrjonchIMH/tbWHucJMykQ==}
    cpu: [arm]
    os: [android]

  '@rollup/rollup-android-arm64@4.14.2':
    resolution: {integrity: sha512-lAarIdxZWbFSHFSDao9+I/F5jDaKyCqAPMq5HqnfpBw8dKDiCaaqM0lq5h1pQTLeIqueeay4PieGR5jGZMWprw==}
    cpu: [arm64]
    os: [android]

  '@rollup/rollup-darwin-arm64@4.14.2':
    resolution: {integrity: sha512-SWsr8zEUk82KSqquIMgZEg2GE5mCSfr9sE/thDROkX6pb3QQWPp8Vw8zOq2GyxZ2t0XoSIUlvHDkrf5Gmf7x3Q==}
    cpu: [arm64]
    os: [darwin]

  '@rollup/rollup-darwin-x64@4.14.2':
    resolution: {integrity: sha512-o/HAIrQq0jIxJAhgtIvV5FWviYK4WB0WwV91SLUnsliw1lSAoLsmgEEgRWzDguAFeUEUUoIWXiJrPqU7vGiVkA==}
    cpu: [x64]
    os: [darwin]

  '@rollup/rollup-linux-arm-gnueabihf@4.14.2':
    resolution: {integrity: sha512-nwlJ65UY9eGq91cBi6VyDfArUJSKOYt5dJQBq8xyLhvS23qO+4Nr/RreibFHjP6t+5ap2ohZrUJcHv5zk5ju/g==}
    cpu: [arm]
    os: [linux]

  '@rollup/rollup-linux-arm64-gnu@4.14.2':
    resolution: {integrity: sha512-Pg5TxxO2IVlMj79+c/9G0LREC9SY3HM+pfAwX7zj5/cAuwrbfj2Wv9JbMHIdPCfQpYsI4g9mE+2Bw/3aeSs2rQ==}
    cpu: [arm64]
    os: [linux]

  '@rollup/rollup-linux-arm64-musl@4.14.2':
    resolution: {integrity: sha512-cAOTjGNm84gc6tS02D1EXtG7tDRsVSDTBVXOLbj31DkwfZwgTPYZ6aafSU7rD/4R2a34JOwlF9fQayuTSkoclA==}
    cpu: [arm64]
    os: [linux]

  '@rollup/rollup-linux-powerpc64le-gnu@4.14.2':
    resolution: {integrity: sha512-4RyT6v1kXb7C0fn6zV33rvaX05P0zHoNzaXI/5oFHklfKm602j+N4mn2YvoezQViRLPnxP8M1NaY4s/5kXO5cw==}
    cpu: [ppc64]
    os: [linux]

  '@rollup/rollup-linux-riscv64-gnu@4.14.2':
    resolution: {integrity: sha512-KNUH6jC/vRGAKSorySTyc/yRYlCwN/5pnMjXylfBniwtJx5O7X17KG/0efj8XM3TZU7raYRXJFFReOzNmL1n1w==}
    cpu: [riscv64]
    os: [linux]

  '@rollup/rollup-linux-s390x-gnu@4.14.2':
    resolution: {integrity: sha512-xPV4y73IBEXToNPa3h5lbgXOi/v0NcvKxU0xejiFw6DtIYQqOTMhZ2DN18/HrrP0PmiL3rGtRG9gz1QE8vFKXQ==}
    cpu: [s390x]
    os: [linux]

  '@rollup/rollup-linux-x64-gnu@4.14.2':
    resolution: {integrity: sha512-QBhtr07iFGmF9egrPOWyO5wciwgtzKkYPNLVCFZTmr4TWmY0oY2Dm/bmhHjKRwZoGiaKdNcKhFtUMBKvlchH+Q==}
    cpu: [x64]
    os: [linux]

  '@rollup/rollup-linux-x64-musl@4.14.2':
    resolution: {integrity: sha512-8zfsQRQGH23O6qazZSFY5jP5gt4cFvRuKTpuBsC1ZnSWxV8ZKQpPqOZIUtdfMOugCcBvFGRa1pDC/tkf19EgBw==}
    cpu: [x64]
    os: [linux]

  '@rollup/rollup-win32-arm64-msvc@4.14.2':
    resolution: {integrity: sha512-H4s8UjgkPnlChl6JF5empNvFHp77Jx+Wfy2EtmYPe9G22XV+PMuCinZVHurNe8ggtwoaohxARJZbaH/3xjB/FA==}
    cpu: [arm64]
    os: [win32]

  '@rollup/rollup-win32-ia32-msvc@4.14.2':
    resolution: {integrity: sha512-djqpAjm/i8erWYF0K6UY4kRO3X5+T4TypIqw60Q8MTqSBaQNpNXDhxdjpZ3ikgb+wn99svA7jxcXpiyg9MUsdw==}
    cpu: [ia32]
    os: [win32]

  '@rollup/rollup-win32-x64-msvc@4.14.2':
    resolution: {integrity: sha512-teAqzLT0yTYZa8ZP7zhFKEx4cotS8Tkk5XiqNMJhD4CpaWB1BHARE4Qy+RzwnXvSAYv+Q3jAqCVBS+PS+Yee8Q==}
    cpu: [x64]
    os: [win32]

  '@swc/core-darwin-arm64@1.4.13':
    resolution: {integrity: sha512-36P72FLpm5iq85IvoEjBvi22DiqkkEIanJ1M0E8bkxcFHUbjBrYfPY9T6cpPyK5oQqkaTBvNAc3j1BlVD6IH6w==}
    engines: {node: '>=10'}
    cpu: [arm64]
    os: [darwin]

  '@swc/core-darwin-x64@1.4.13':
    resolution: {integrity: sha512-ye7OgKpDdyA8AMIVVdmD1ICDaFXgoEXORnVO8bBHyul0WN71yUBZMX+YxEx2lpWtiftA2vY/1MAuOR80vHkBCw==}
    engines: {node: '>=10'}
    cpu: [x64]
    os: [darwin]

  '@swc/core-linux-arm-gnueabihf@1.4.13':
    resolution: {integrity: sha512-+x593Jlmu4c3lJtZUKRejWpV2MAij1Js5nmQLLdjo6ChR2D4B2rzj3iMiKn5gITew7fraF9t3fvXALdWh7HmUg==}
    engines: {node: '>=10'}
    cpu: [arm]
    os: [linux]

  '@swc/core-linux-arm64-gnu@1.4.13':
    resolution: {integrity: sha512-0x8OVw4dfyNerrs/9eZX9wNnmvwbwXSMCi+LbE6Xt1pXOIwvoLtFIXcV3NsrlkFboO3sr5UAQIwDxKqbIZA9pQ==}
    engines: {node: '>=10'}
    cpu: [arm64]
    os: [linux]

  '@swc/core-linux-arm64-musl@1.4.13':
    resolution: {integrity: sha512-Z9c4JiequtZvngPcxbCuAOkmWBxi2vInZbjjhD5I+Q9oiJdXUz1t2USGwsGPS41Xvk1BOA3ecK2Sn1ilY3titg==}
    engines: {node: '>=10'}
    cpu: [arm64]
    os: [linux]

  '@swc/core-linux-x64-gnu@1.4.13':
    resolution: {integrity: sha512-ChatHtk+vX0Ke5QG+jO+rIapw/KwZsi9MedCBHFXHH6iWF4z8d51cJeN68ykcn+vAXzjNeFNdlNy5Vbkd1zAqg==}
    engines: {node: '>=10'}
    cpu: [x64]
    os: [linux]

  '@swc/core-linux-x64-musl@1.4.13':
    resolution: {integrity: sha512-0Pz39YR530mXpsztwQkmEKdkkZy4fY4Smdh4pkm6Ly8Nndyo0te/l4bcAGqN24Jp7aVwF/QSy14SAtw4HRjU9g==}
    engines: {node: '>=10'}
    cpu: [x64]
    os: [linux]

  '@swc/core-win32-arm64-msvc@1.4.13':
    resolution: {integrity: sha512-LVZfhlD+jHcAbz5NN+gAJ1BEasB0WpcvUzcsJt0nQSRsojgzPzFjJ+fzEBnvT7SMtqKkrnVJ0OmDYeh88bDRpw==}
    engines: {node: '>=10'}
    cpu: [arm64]
    os: [win32]

  '@swc/core-win32-ia32-msvc@1.4.13':
    resolution: {integrity: sha512-78hxHWUvUZtWsnhcf8DKwhBcNFJw+j4y4fN2B9ioXmBWX2tIyw+BqUHOrismOtjPihaZmwe/Ok2e4qmkawE2fw==}
    engines: {node: '>=10'}
    cpu: [ia32]
    os: [win32]

  '@swc/core-win32-x64-msvc@1.4.13':
    resolution: {integrity: sha512-WSfy1u2Xde6jU7UpHIInCUMW98Zw9iZglddKUAvmr1obkZji5U6EX0Oca3asEJdZPFb+2lMLjt0Mh5a1YisROg==}
    engines: {node: '>=10'}
    cpu: [x64]
    os: [win32]

  '@swc/core@1.4.13':
    resolution: {integrity: sha512-rOtusBE+2gaeRkAJn5E4zp5yzZekZOypzSOz5ZG6P1hFbd+Cc26fWEdK6sUSnrkkvTd0Oj33KXLB/4UkbK/UHA==}
    engines: {node: '>=10'}
    peerDependencies:
      '@swc/helpers': ^0.5.0
    peerDependenciesMeta:
      '@swc/helpers':
        optional: true

  '@swc/counter@0.1.3':
    resolution: {integrity: sha512-e2BR4lsJkkRlKZ/qCHPw9ZaSxc0MVUd7gtbtaB7aMvHeJVYe8sOB8DBZkP2DtISHGSku9sCK6T6cnY0CtXrOCQ==}

  '@swc/helpers@0.5.5':
    resolution: {integrity: sha512-KGYxvIOXcceOAbEk4bi/dVLEK9z8sZ0uBB3Il5b1rhfClSpcX0yfRO0KmTkqR2cnQDymwLB+25ZyMzICg/cm/A==}

  '@swc/helpers@0.5.9':
    resolution: {integrity: sha512-XI76sLwMJoLjJTOK5RblBZkouOJG3X3hjxLCzLnyN1ifAiKQc6Hck3uvnU4Z/dV/Dyk36Ffj8FLvDLV2oWvKTw==}

  '@swc/types@0.1.6':
    resolution: {integrity: sha512-/JLo/l2JsT/LRd80C3HfbmVpxOAJ11FO2RCEslFrgzLltoP9j8XIbsyDcfCt2WWyX+CM96rBoNM+IToAkFOugg==}

  '@types/estree@1.0.5':
    resolution: {integrity: sha512-/kYRxGDLWzHOB7q+wtSUQlFrtcdUccpfy+X+9iMBpHK8QLLhx2wIPYuS5DYtR9Wa/YlZAbIovy7qVdB1Aq6Lyw==}

  '@types/prop-types@15.7.12':
    resolution: {integrity: sha512-5zvhXYtRNRluoE/jAp4GVsSduVUzNWKkOZrCDBWYtE7biZywwdC2AcEzg+cSMLFRfVgeAFqpfNabiPjxFddV1Q==}

  '@types/react@18.2.78':
    resolution: {integrity: sha512-qOwdPnnitQY4xKlKayt42q5W5UQrSHjgoXNVEtxeqdITJ99k4VXJOP3vt8Rkm9HmgJpH50UNU+rlqfkfWOqp0A==}

  '@types/resolve@1.20.2':
    resolution: {integrity: sha512-60BCwRFOZCQhDncwQdxxeOEEkbc5dIMccYLwbxsS4TUNeVECQ/pBJ0j09mrHOl/JJvpRPGwO9SvE4nR2Nb/a4Q==}

  ansi-styles@3.2.1:
    resolution: {integrity: sha512-VT0ZI6kZRdTh8YyJw3SMbYm/u+NqfsAxEpWO0Pf9sq8/e94WxxOpPKx9FR1FlyCtOVDNOQ+8ntlqFxiRc+r5qA==}
    engines: {node: '>=4'}

  arg@5.0.2:
    resolution: {integrity: sha512-PYjyFOLKQ9y57JvQ6QLo8dAgNqswh8M1RMJYdQduT6xbWSgK36P/Z/v+p888pM69jMMfS8Xd8F6I1kQ/I9HUGg==}

  balanced-match@1.0.2:
    resolution: {integrity: sha512-3oSeUO0TMV67hN1AmbXsK4yaqU7tjiHlbxRDZOpH0KW9+CeX4bRAaX0Anxt0tx2MrpRpWwQaPwIlISEJhYU5Pw==}

  brace-expansion@2.0.1:
    resolution: {integrity: sha512-XnAIvQ8eM+kC6aULx6wuQiwVsnzsi9d3WxzV3FpWTGA19F621kwdbsAcFKXgKUHZWsy+mY6iL1sHTxWEFCytDA==}

  builtin-modules@3.3.0:
    resolution: {integrity: sha512-zhaCDicdLuWN5UbN5IMnFqNMhNfo919sH85y2/ea+5Yg9TsTkeZxpL+JLbp6cgYFS4sRLp3YV4S6yDuqVWHYOw==}
    engines: {node: '>=6'}

  bunchee@5.1.2:
    resolution: {integrity: sha512-fOcub+z6CcCesKjVX82+B6wPTzQjtcHjrI1zcAc/acc5PRmI4fNsww7p20VxR8lctaXPrLnbuWeuhtSrZ311/Q==}
    engines: {node: '>= 18.0.0'}
    hasBin: true
    peerDependencies:
      typescript: ^4.1 || ^5.0
    peerDependenciesMeta:
      typescript:
        optional: true

  busboy@1.6.0:
    resolution: {integrity: sha512-8SFQbg/0hQ9xy3UNTB0YEnsNBbWfhf7RtnzpL7TkBiTBRfrQ9Fxcnz7VJsleJpyp6rVLvXiuORqjlHi5q+PYuA==}
    engines: {node: '>=10.16.0'}

  caniuse-lite@1.0.30001609:
    resolution: {integrity: sha512-JFPQs34lHKx1B5t1EpQpWH4c+29zIyn/haGsbpfq3suuV9v56enjFt23zqijxGTMwy1p/4H2tjnQMY+p1WoAyA==}

  chalk@2.4.2:
    resolution: {integrity: sha512-Mti+f9lpJNcwF4tWV8/OrTTtF1gZi+f8FqlyAdouralcFWFQWF2+NgCHShjkCb+IFBLq9buZwE1xckQU4peSuQ==}
    engines: {node: '>=4'}

  clean-css@5.3.3:
    resolution: {integrity: sha512-D5J+kHaVb/wKSFcyyV75uCn8fiY4sV38XJoe4CUyGQ+mOU/fMVYUdH1hJC+CJQ5uY3EnW27SbJYS4X8BiLrAFg==}
    engines: {node: '>= 10.0'}

  client-only@0.0.1:
    resolution: {integrity: sha512-IV3Ou0jSMzZrd3pZ48nLkT9DA7Ag1pnPzaiQhpW7c3RbcqqzvzzVu+L8gfqMp/8IM2MQtSiqaCxrrcfu8I8rMA==}

  color-convert@1.9.3:
    resolution: {integrity: sha512-QfAUtd+vFdAtFQcC8CCyYt1fYWxSqAiK2cSD6zDB8N3cpsEBAvRxp9zOGg6G/SHHJYAT88/az/IuDGALsNVbGg==}

  color-name@1.1.3:
    resolution: {integrity: sha512-72fSenhMw2HZMTVHeCA9KCmpEIbzWiQsjN+BHcBbS9vr1mtt+vJjPdksIBNUmKAW8TFUDPJK5SUU3QhE9NEXDw==}

  commondir@1.0.1:
    resolution: {integrity: sha512-W9pAhw0ja1Edb5GVdIF1mjZw/ASI0AlShXM83UUGe2DVr5TdAPEA1OA8m/g8zWp9x6On7gqufY+FatDbC3MDQg==}

  csstype@3.1.3:
    resolution: {integrity: sha512-M1uQkMl8rQK/szD0LNhtqxIPLpimGm8sOBwU7lLnCpSbTyY3yeU1Vc7l4KT5zT4s/yOxHH5O7tIuuLOCnLADRw==}

  deepmerge@4.3.1:
    resolution: {integrity: sha512-3sUqbMEc77XqpdNO7FRyRog+eW3ph+GYCbj+rK+uYyRMuwsVy0rMiVtPn+QJlKFvWP/1PYpapqYn0Me2knFn+A==}
    engines: {node: '>=0.10.0'}

  escape-string-regexp@1.0.5:
    resolution: {integrity: sha512-vbRorB5FUQWvla16U8R/qgaFIya2qGzwDrNmCZuYKrbdSUMG6I1ZCGQRefkRVhuOkIGVne7BQ35DSfo1qvJqFg==}
    engines: {node: '>=0.8.0'}

  estree-walker@2.0.2:
    resolution: {integrity: sha512-Rfkk/Mp/DL7JVje3u18FxFujQlTNR2q6QfMSMB7AvCBx91NGj/ba3kCfza0f6dVDbw7YlRf/nDrn7pQrCCyQ/w==}

  fs.realpath@1.0.0:
    resolution: {integrity: sha512-OO0pH2lK6a0hZnAdau5ItzHPI6pUlvI7jMVnxUQRtw4owF2wk8lOSabtGDCTP4Ggrg2MbGnWO9X8K1t4+fGMDw==}

  fsevents@2.3.3:
    resolution: {integrity: sha512-5xoDfX+fL7faATnagmWPpbFtwh/R77WmMMqqHGS65C3vvB0YHrgF+B1YmZ3441tMj5n63k0212XNoJwzlhffQw==}
    engines: {node: ^8.16.0 || ^10.6.0 || >=11.0.0}
    os: [darwin]

  function-bind@1.1.2:
    resolution: {integrity: sha512-7XHNxH7qX9xG5mIwxkhumTox/MIRNcOgDrxWsMt2pAr23WHp6MrRlN7FBSFpCpr+oVO0F744iUgR82nJMfG2SA==}

  geist@1.3.0:
    resolution: {integrity: sha512-IoGBfcqVEYB4bEwsfHd35jF4+X9LHRPYZymHL4YOltHSs9LJa24DYs1Z7rEMQ/lsEvaAIc61Y9aUxgcJaQ8lrg==}
    peerDependencies:
      next: '>=13.2.0 <15.0.0-0'

  get-tsconfig@4.7.3:
    resolution: {integrity: sha512-ZvkrzoUA0PQZM6fy6+/Hce561s+faD1rsNwhnO5FelNjyy7EMGJ3Rz1AQ8GYDWjhRs/7dBLOEJvhK8MiEJOAFg==}

  glob@8.1.0:
    resolution: {integrity: sha512-r8hpEjiQEYlF2QU0df3dS+nxxSIreXQS1qRhMJM0Q5NDdR386C7jb7Hwwod8Fgiuex+k0GFjgft18yvxm5XoCQ==}
    engines: {node: '>=12'}

  graceful-fs@4.2.11:
    resolution: {integrity: sha512-RbJ5/jmFcNNCcDV5o9eTnBLJ/HszWV0P73bc+Ff4nS/rJj+YaS6IGyiOL0VoBYX+l1Wrl3k63h/KrH+nhJ0XvQ==}

  has-flag@3.0.0:
    resolution: {integrity: sha512-sKJf1+ceQBr4SMkvQnBDNDtf4TXpVhVGateu0t918bl30FnbE2m4vNLX+VWe/dpjlb+HugGYzW7uQXH98HPEYw==}
    engines: {node: '>=4'}

  hasown@2.0.2:
    resolution: {integrity: sha512-0hJU9SCPvmMzIBdZFqNPXWa6dqh7WdH0cII9y+CyS8rG3nL48Bclra9HmKhVVUHyPWNH5Y7xDwAB7bfgSjkUMQ==}
    engines: {node: '>= 0.4'}

  inflight@1.0.6:
    resolution: {integrity: sha512-k92I/b08q4wvFscXCLvqfsHCrjrF7yiXsQuIVvVE7N82W3+aqpzuUdBbfhWcy/FZR3/4IgflMgKLOsvPDrGCJA==}

  inherits@2.0.4:
    resolution: {integrity: sha512-k/vGaX4/Yla3WzyMCvTQOXYeIHvqOKtnqBduzTHpzpQZzAskKMhZ2K+EnBiSM9zGSoIFeMpXKxa4dYeZIQqewQ==}

  is-builtin-module@3.2.1:
    resolution: {integrity: sha512-BSLE3HnV2syZ0FK0iMA/yUGplUeMmNz4AW5fnTunbCIqZi4vG3WjJT9FHMy5D69xmAYBHXQhJdALdpwVxV501A==}
    engines: {node: '>=6'}

  is-core-module@2.13.1:
    resolution: {integrity: sha512-hHrIjvZsftOsvKSn2TRYl63zvxsgE0K+0mYMoH6gD4omR5IWB2KynivBQczo3+wF1cCkjzvptnI9Q0sPU66ilw==}

  is-module@1.0.0:
    resolution: {integrity: sha512-51ypPSPCoTEIN9dy5Oy+h4pShgJmPCygKfyRCISBI+JoWT/2oJvK8QPxmwv7b/p239jXrm9M1mlQbyKJ5A152g==}

  is-reference@1.2.1:
    resolution: {integrity: sha512-U82MsXXiFIrjCK4otLT+o2NA2Cd2g5MLoOVXUZjIOhLurrRxpEXzI8O0KZHr3IjLvlAH1kTPYSuqer5T9ZVBKQ==}

  js-tokens@4.0.0:
    resolution: {integrity: sha512-RdJUflcE3cUzKiMqQgsCu06FPu9UdIJO0beYbPhHN4k6apgJtifcoCtT9bcxOpYBtpD2kCM6Sbzg4CausW/PKQ==}

  loose-envify@1.4.0:
    resolution: {integrity: sha512-lyuxPGr/Wfhrlem2CL/UcnUc1zcqKAImBDzukY7Y5F/yQiNdko6+fRLevlw1HgMySw7f611UIY408EtxRSoK3Q==}
    hasBin: true

  magic-string@0.30.9:
    resolution: {integrity: sha512-S1+hd+dIrC8EZqKyT9DstTH/0Z+f76kmmvZnkfQVmOpDEF9iVgdYif3Q/pIWHmCoo59bQVGW0kVL3e2nl+9+Sw==}
    engines: {node: '>=12'}

  minimatch@5.1.6:
    resolution: {integrity: sha512-lKwV/1brpG6mBUFHtb7NUmtABCb2WZZmm2wNiOA5hAb8VdCS4B3dtMWyvcoViccwAW/COERjXLt0zP1zXUN26g==}
    engines: {node: '>=10'}

  nanoid@3.3.7:
    resolution: {integrity: sha512-eSRppjcPIatRIMC1U6UngP8XFcz8MQWGQdt1MTBQ7NaAmvXDfvNxbvWV3x2y6CdEUciCSsDHDQZbhYaB8QEo2g==}
    engines: {node: ^10 || ^12 || ^13.7 || ^14 || >=15.0.1}
    hasBin: true

  next@14.2.1:
    resolution: {integrity: sha512-SF3TJnKdH43PMkCcErLPv+x/DY1YCklslk3ZmwaVoyUfDgHKexuKlf9sEfBQ69w+ue8jQ3msLb+hSj1T19hGag==}
    engines: {node: '>=18.17.0'}
    hasBin: true
    peerDependencies:
      '@opentelemetry/api': ^1.1.0
      '@playwright/test': ^1.41.2
      react: ^18.2.0
      react-dom: ^18.2.0
      sass: ^1.3.0
    peerDependenciesMeta:
      '@opentelemetry/api':
        optional: true
      '@playwright/test':
        optional: true
      sass:
        optional: true

  once@1.4.0:
    resolution: {integrity: sha512-lNaJgI+2Q5URQBkccEKHTQOPaXdUxnZZElQTZY0MFUAuaEqe1E+Nyvgdz/aIyNi6Z9MzO5dv1H8n58/GELp3+w==}

  path-parse@1.0.7:
    resolution: {integrity: sha512-LDJzPVEEEPR+y48z93A0Ed0yXb8pAByGWo/k5YYdYgpY2/2EsOsksJrq7lOHxryrVOn1ejG6oAp8ahvOIQD8sw==}

  picocolors@1.0.0:
    resolution: {integrity: sha512-1fygroTLlHu66zi26VoTDv8yRgm0Fccecssto+MhsZ0D/DGW2sm8E8AjW7NU5VVTRt5GxbeZ5qBuJr+HyLYkjQ==}

  picomatch@2.3.1:
    resolution: {integrity: sha512-JU3teHTNjmE2VCGFzuY8EXzCDVwEqB2a8fsIvwaStHhAWJEeVd1o1QD80CU6+ZdEXXSLbSsuLwJjkCBWqRQUVA==}
    engines: {node: '>=8.6'}

  postcss@8.4.31:
    resolution: {integrity: sha512-PS08Iboia9mts/2ygV3eLpY5ghnUcfLV/EXTOW1E2qYxJKGGBUtNjN76FYHnMs36RmARn41bC0AZmn+rR0OVpQ==}
    engines: {node: ^10 || ^12 || >=14}

  pretty-bytes@5.6.0:
    resolution: {integrity: sha512-FFw039TmrBqFK8ma/7OL3sDz/VytdtJr044/QUJtH0wK9lb9jLq9tJyIxUwtQJHwar2BqtiA4iCWSwo9JLkzFg==}
    engines: {node: '>=6'}

  react-dom@18.2.0:
    resolution: {integrity: sha512-6IMTriUmvsjHUjNtEDudZfuDQUoWXVxKHhlEGSk81n4YFS+r/Kl99wXiwlVXtPBtJenozv2P+hxDsw9eA7Xo6g==}
    peerDependencies:
      react: ^18.2.0

  react@18.2.0:
    resolution: {integrity: sha512-/3IjMdb2L9QbBdWiW5e3P2/npwMBaU9mHCSCUzNln0ZCYbcfTsGbTJrU/kGemdH2IWmB2ioZ+zkxtmq6g09fGQ==}
    engines: {node: '>=0.10.0'}

  resolve-pkg-maps@1.0.0:
    resolution: {integrity: sha512-seS2Tj26TBVOC2NIc2rOe2y2ZO7efxITtLZcGSOnHHNOQ7CkiUBfw0Iw2ck6xkIhPwLhKNLS8BO+hEpngQlqzw==}

  resolve@1.22.8:
    resolution: {integrity: sha512-oKWePCxqpd6FlLvGV1VU0x7bkPmmCNolxzjMf4NczoDnQcIWrAF+cPtZn5i6n+RfD2d9i0tzpKnG6Yk168yIyw==}
    hasBin: true

  rollup-plugin-dts@6.1.0:
    resolution: {integrity: sha512-ijSCPICkRMDKDLBK9torss07+8dl9UpY9z1N/zTeA1cIqdzMlpkV3MOOC7zukyvQfDyxa1s3Dl2+DeiP/G6DOw==}
    engines: {node: '>=16'}
    peerDependencies:
      rollup: ^3.29.4 || ^4
      typescript: ^4.5 || ^5.0

  rollup-plugin-swc3@0.11.0:
    resolution: {integrity: sha512-luB9Ngb1YieWPpJttKvkmjN3lG5l28SmASLbf2CoScUB2+EImU0bE8wX4EYKEqv5clVulhWRQHQvE+H33X/03g==}
    engines: {node: '>=12'}
    peerDependencies:
      '@swc/core': '>=1.2.165'
      rollup: ^2.0.0 || ^3.0.0 || ^4.0.0

  rollup-preserve-directives@1.1.1:
    resolution: {integrity: sha512-+eQafbuEfDPfxQ9hQPlwaROfin4yiVRxap8hnrvvvcSGoukv1tTiYpAW9mvm3uR8J+fe4xd8FdVd5rz9q7jZ+Q==}
    peerDependencies:
      rollup: ^2.0.0 || ^3.0.0 || ^4.0.0

  rollup@4.14.2:
    resolution: {integrity: sha512-WkeoTWvuBoFjFAhsEOHKRoZ3r9GfTyhh7Vff1zwebEFLEFjT1lG3784xEgKiTa7E+e70vsC81roVL2MP4tgEEQ==}
    engines: {node: '>=18.0.0', npm: '>=8.0.0'}
    hasBin: true

  scheduler@0.23.0:
    resolution: {integrity: sha512-CtuThmgHNg7zIZWAXi3AsyIzA3n4xx7aNyjwC2VJldO2LMVDhFK+63xGqq6CsJH4rTAt6/M+N4GhZiDYPx9eUw==}

  source-map-js@1.2.0:
    resolution: {integrity: sha512-itJW8lvSA0TXEphiRoawsCksnlf8SyvmFzIhltqAHluXd88pkCd+cXJVHTDwdCr0IzwptSm035IHQktUu1QUMg==}
    engines: {node: '>=0.10.0'}

  source-map@0.6.1:
    resolution: {integrity: sha512-UjgapumWlbMhkBgzT7Ykc5YXUT46F0iKu8SGXq0bcwP5dz/h0Plj6enJqjz1Zbq2l5WaqYnrVbwWOWMyF3F47g==}
    engines: {node: '>=0.10.0'}

  streamsearch@1.1.0:
    resolution: {integrity: sha512-Mcc5wHehp9aXz1ax6bZUyY5afg9u2rv5cqQI3mRrYkGC8rW2hM02jWuwjtL++LS5qinSyhj2QfLyNsuc+VsExg==}
    engines: {node: '>=10.0.0'}

  styled-jsx@5.1.1:
    resolution: {integrity: sha512-pW7uC1l4mBZ8ugbiZrcIsiIvVx1UmTfw7UkC3Um2tmfUq9Bhk8IiyEIPl6F8agHgjzku6j0xQEZbfA5uSgSaCw==}
    engines: {node: '>= 12.0.0'}
    peerDependencies:
      '@babel/core': '*'
      babel-plugin-macros: '*'
      react: '>= 16.8.0 || 17.x.x || ^18.0.0-0'
    peerDependenciesMeta:
      '@babel/core':
        optional: true
      babel-plugin-macros:
        optional: true

  supports-color@5.5.0:
    resolution: {integrity: sha512-QjVjwdXIt408MIiAqCX4oUKsgU2EqAGzs2Ppkm4aQYbjm+ZEWEcW4SfFNTr4uMNZma0ey4f5lgLrkB0aX0QMow==}
    engines: {node: '>=4'}

  supports-preserve-symlinks-flag@1.0.0:
    resolution: {integrity: sha512-ot0WnXS9fgdkgIcePe6RHNk1WA8+muPa6cSjeR3V8K27q9BB1rTE3R1p7Hv0z1ZyAc8s6Vvv8DIyWf681MAt0w==}
    engines: {node: '>= 0.4'}

  tslib@2.6.2:
    resolution: {integrity: sha512-AEYxH93jGFPn/a2iVAwW87VuUIkR1FVUKB77NwMF7nBTDkDrrT/Hpt/IrCJ0QXhW27jTBDcf5ZY7w6RiqTMw2Q==}

  typescript@5.4.5:
    resolution: {integrity: sha512-vcI4UpRgg81oIRUFwR0WSIHKt11nJ7SAVlYNIu+QpqeyXP+gpQJy/Z4+F0aGxSE4MqwjyXvW/TzgkLAx2AGHwQ==}
    engines: {node: '>=14.17'}
    hasBin: true

  wrappy@1.0.2:
    resolution: {integrity: sha512-l4Sp/DRseor9wL6EvV2+TuQn63dMkPjZ/sp9XkghTEbV9KlPS1xUsZ3u7/IQO4wxtcFB4bgpQPRcR3QCvezPcQ==}

snapshots:

  '@babel/code-frame@7.24.2':
    dependencies:
      '@babel/highlight': 7.24.2
      picocolors: 1.0.0
    optional: true

  '@babel/helper-validator-identifier@7.22.20':
    optional: true

  '@babel/highlight@7.24.2':
    dependencies:
      '@babel/helper-validator-identifier': 7.22.20
      chalk: 2.4.2
      js-tokens: 4.0.0
      picocolors: 1.0.0
    optional: true

  '@fastify/deepmerge@1.3.0': {}

  '@jridgewell/sourcemap-codec@1.4.15': {}

  '@next/env@14.2.1': {}

  '@next/swc-darwin-arm64@14.2.1':
    optional: true

  '@next/swc-darwin-x64@14.2.1':
    optional: true

  '@next/swc-linux-arm64-gnu@14.2.1':
    optional: true

  '@next/swc-linux-arm64-musl@14.2.1':
    optional: true

  '@next/swc-linux-x64-gnu@14.2.1':
    optional: true

  '@next/swc-linux-x64-musl@14.2.1':
    optional: true

  '@next/swc-win32-arm64-msvc@14.2.1':
    optional: true

  '@next/swc-win32-ia32-msvc@14.2.1':
    optional: true

  '@next/swc-win32-x64-msvc@14.2.1':
    optional: true

  '@rollup/plugin-commonjs@25.0.7(rollup@4.14.2)':
    dependencies:
      '@rollup/pluginutils': 5.1.0(rollup@4.14.2)
      commondir: 1.0.1
      estree-walker: 2.0.2
      glob: 8.1.0
      is-reference: 1.2.1
      magic-string: 0.30.9
      rollup: 4.14.2

  '@rollup/plugin-json@6.1.0(rollup@4.14.2)':
    dependencies:
      '@rollup/pluginutils': 5.1.0(rollup@4.14.2)
      rollup: 4.14.2

  '@rollup/plugin-node-resolve@15.2.3(rollup@4.14.2)':
    dependencies:
      '@rollup/pluginutils': 5.1.0(rollup@4.14.2)
      '@types/resolve': 1.20.2
      deepmerge: 4.3.1
      is-builtin-module: 3.2.1
      is-module: 1.0.0
      resolve: 1.22.8
      rollup: 4.14.2

  '@rollup/plugin-replace@5.0.5(rollup@4.14.2)':
    dependencies:
      '@rollup/pluginutils': 5.1.0(rollup@4.14.2)
      magic-string: 0.30.9
      rollup: 4.14.2

  '@rollup/plugin-wasm@6.2.2(rollup@4.14.2)':
    dependencies:
      '@rollup/pluginutils': 5.1.0(rollup@4.14.2)
      rollup: 4.14.2

  '@rollup/pluginutils@5.1.0(rollup@4.14.2)':
    dependencies:
      '@types/estree': 1.0.5
      estree-walker: 2.0.2
      picomatch: 2.3.1
      rollup: 4.14.2

  '@rollup/rollup-android-arm-eabi@4.14.2':
    optional: true

  '@rollup/rollup-android-arm64@4.14.2':
    optional: true

  '@rollup/rollup-darwin-arm64@4.14.2':
    optional: true

  '@rollup/rollup-darwin-x64@4.14.2':
    optional: true

  '@rollup/rollup-linux-arm-gnueabihf@4.14.2':
    optional: true

  '@rollup/rollup-linux-arm64-gnu@4.14.2':
    optional: true

  '@rollup/rollup-linux-arm64-musl@4.14.2':
    optional: true

  '@rollup/rollup-linux-powerpc64le-gnu@4.14.2':
    optional: true

  '@rollup/rollup-linux-riscv64-gnu@4.14.2':
    optional: true

  '@rollup/rollup-linux-s390x-gnu@4.14.2':
    optional: true

  '@rollup/rollup-linux-x64-gnu@4.14.2':
    optional: true

  '@rollup/rollup-linux-x64-musl@4.14.2':
    optional: true

  '@rollup/rollup-win32-arm64-msvc@4.14.2':
    optional: true

  '@rollup/rollup-win32-ia32-msvc@4.14.2':
    optional: true

  '@rollup/rollup-win32-x64-msvc@4.14.2':
    optional: true

  '@swc/core-darwin-arm64@1.4.13':
    optional: true

  '@swc/core-darwin-x64@1.4.13':
    optional: true

  '@swc/core-linux-arm-gnueabihf@1.4.13':
    optional: true

  '@swc/core-linux-arm64-gnu@1.4.13':
    optional: true

  '@swc/core-linux-arm64-musl@1.4.13':
    optional: true

  '@swc/core-linux-x64-gnu@1.4.13':
    optional: true

  '@swc/core-linux-x64-musl@1.4.13':
    optional: true

  '@swc/core-win32-arm64-msvc@1.4.13':
    optional: true

  '@swc/core-win32-ia32-msvc@1.4.13':
    optional: true

  '@swc/core-win32-x64-msvc@1.4.13':
    optional: true

  '@swc/core@1.4.13(@swc/helpers@0.5.9)':
    dependencies:
      '@swc/counter': 0.1.3
      '@swc/helpers': 0.5.9
      '@swc/types': 0.1.6
    optionalDependencies:
      '@swc/core-darwin-arm64': 1.4.13
      '@swc/core-darwin-x64': 1.4.13
      '@swc/core-linux-arm-gnueabihf': 1.4.13
      '@swc/core-linux-arm64-gnu': 1.4.13
      '@swc/core-linux-arm64-musl': 1.4.13
      '@swc/core-linux-x64-gnu': 1.4.13
      '@swc/core-linux-x64-musl': 1.4.13
      '@swc/core-win32-arm64-msvc': 1.4.13
      '@swc/core-win32-ia32-msvc': 1.4.13
      '@swc/core-win32-x64-msvc': 1.4.13

  '@swc/counter@0.1.3': {}

  '@swc/helpers@0.5.5':
    dependencies:
      '@swc/counter': 0.1.3
      tslib: 2.6.2

  '@swc/helpers@0.5.9':
    dependencies:
      tslib: 2.6.2

  '@swc/types@0.1.6':
    dependencies:
      '@swc/counter': 0.1.3

  '@types/estree@1.0.5': {}

  '@types/prop-types@15.7.12': {}

  '@types/react@18.2.78':
    dependencies:
      '@types/prop-types': 15.7.12
      csstype: 3.1.3

  '@types/resolve@1.20.2': {}

  ansi-styles@3.2.1:
    dependencies:
      color-convert: 1.9.3
    optional: true

  arg@5.0.2: {}

  balanced-match@1.0.2: {}

  brace-expansion@2.0.1:
    dependencies:
      balanced-match: 1.0.2

  builtin-modules@3.3.0: {}

  bunchee@5.1.2(typescript@5.4.5):
    dependencies:
      '@rollup/plugin-commonjs': 25.0.7(rollup@4.14.2)
      '@rollup/plugin-json': 6.1.0(rollup@4.14.2)
      '@rollup/plugin-node-resolve': 15.2.3(rollup@4.14.2)
      '@rollup/plugin-replace': 5.0.5(rollup@4.14.2)
      '@rollup/plugin-wasm': 6.2.2(rollup@4.14.2)
      '@rollup/pluginutils': 5.1.0(rollup@4.14.2)
      '@swc/core': 1.4.13(@swc/helpers@0.5.9)
      '@swc/helpers': 0.5.9
      arg: 5.0.2
      clean-css: 5.3.3
      magic-string: 0.30.9
      pretty-bytes: 5.6.0
      rollup: 4.14.2
      rollup-plugin-dts: 6.1.0(rollup@4.14.2)(typescript@5.4.5)
      rollup-plugin-swc3: 0.11.0(@swc/core@1.4.13)(rollup@4.14.2)
      rollup-preserve-directives: 1.1.1(rollup@4.14.2)
      tslib: 2.6.2
      typescript: 5.4.5

  busboy@1.6.0:
    dependencies:
      streamsearch: 1.1.0

  caniuse-lite@1.0.30001609: {}

  chalk@2.4.2:
    dependencies:
      ansi-styles: 3.2.1
      escape-string-regexp: 1.0.5
      supports-color: 5.5.0
    optional: true

  clean-css@5.3.3:
    dependencies:
      source-map: 0.6.1

  client-only@0.0.1: {}

  color-convert@1.9.3:
    dependencies:
      color-name: 1.1.3
    optional: true

  color-name@1.1.3:
    optional: true

  commondir@1.0.1: {}

  csstype@3.1.3: {}

  deepmerge@4.3.1: {}

  escape-string-regexp@1.0.5:
    optional: true

  estree-walker@2.0.2: {}

  fs.realpath@1.0.0: {}

  fsevents@2.3.3:
    optional: true

  function-bind@1.1.2: {}

  geist@1.3.0(next@14.2.1):
    dependencies:
      next: 14.2.1(react-dom@18.2.0)(react@18.2.0)

  get-tsconfig@4.7.3:
    dependencies:
      resolve-pkg-maps: 1.0.0

  glob@8.1.0:
    dependencies:
      fs.realpath: 1.0.0
      inflight: 1.0.6
      inherits: 2.0.4
      minimatch: 5.1.6
      once: 1.4.0

  graceful-fs@4.2.11: {}

  has-flag@3.0.0:
    optional: true

  hasown@2.0.2:
    dependencies:
      function-bind: 1.1.2

  inflight@1.0.6:
    dependencies:
      once: 1.4.0
      wrappy: 1.0.2

  inherits@2.0.4: {}

  is-builtin-module@3.2.1:
    dependencies:
      builtin-modules: 3.3.0

  is-core-module@2.13.1:
    dependencies:
      hasown: 2.0.2

  is-module@1.0.0: {}

  is-reference@1.2.1:
    dependencies:
      '@types/estree': 1.0.5

  js-tokens@4.0.0: {}

  loose-envify@1.4.0:
    dependencies:
      js-tokens: 4.0.0

  magic-string@0.30.9:
    dependencies:
      '@jridgewell/sourcemap-codec': 1.4.15

  minimatch@5.1.6:
    dependencies:
      brace-expansion: 2.0.1

  nanoid@3.3.7: {}

  next@14.2.1(react-dom@18.2.0)(react@18.2.0):
    dependencies:
      '@next/env': 14.2.1
      '@swc/helpers': 0.5.5
      busboy: 1.6.0
      caniuse-lite: 1.0.30001609
      graceful-fs: 4.2.11
      postcss: 8.4.31
      react: 18.2.0
      react-dom: 18.2.0(react@18.2.0)
      styled-jsx: 5.1.1(react@18.2.0)
    optionalDependencies:
      '@next/swc-darwin-arm64': 14.2.1
      '@next/swc-darwin-x64': 14.2.1
      '@next/swc-linux-arm64-gnu': 14.2.1
      '@next/swc-linux-arm64-musl': 14.2.1
      '@next/swc-linux-x64-gnu': 14.2.1
      '@next/swc-linux-x64-musl': 14.2.1
      '@next/swc-win32-arm64-msvc': 14.2.1
      '@next/swc-win32-ia32-msvc': 14.2.1
      '@next/swc-win32-x64-msvc': 14.2.1
    transitivePeerDependencies:
      - '@babel/core'
      - babel-plugin-macros

  once@1.4.0:
    dependencies:
      wrappy: 1.0.2

  path-parse@1.0.7: {}

  picocolors@1.0.0: {}

  picomatch@2.3.1: {}

  postcss@8.4.31:
    dependencies:
      nanoid: 3.3.7
      picocolors: 1.0.0
      source-map-js: 1.2.0

  pretty-bytes@5.6.0: {}

  react-dom@18.2.0(react@18.2.0):
    dependencies:
      loose-envify: 1.4.0
      react: 18.2.0
      scheduler: 0.23.0

  react@18.2.0:
    dependencies:
      loose-envify: 1.4.0

  resolve-pkg-maps@1.0.0: {}

  resolve@1.22.8:
    dependencies:
      is-core-module: 2.13.1
      path-parse: 1.0.7
      supports-preserve-symlinks-flag: 1.0.0

  rollup-plugin-dts@6.1.0(rollup@4.14.2)(typescript@5.4.5):
    dependencies:
      magic-string: 0.30.9
      rollup: 4.14.2
      typescript: 5.4.5
    optionalDependencies:
      '@babel/code-frame': 7.24.2

  rollup-plugin-swc3@0.11.0(@swc/core@1.4.13)(rollup@4.14.2):
    dependencies:
      '@fastify/deepmerge': 1.3.0
      '@rollup/pluginutils': 5.1.0(rollup@4.14.2)
      '@swc/core': 1.4.13(@swc/helpers@0.5.9)
      get-tsconfig: 4.7.3
      rollup: 4.14.2
      rollup-preserve-directives: 1.1.1(rollup@4.14.2)

  rollup-preserve-directives@1.1.1(rollup@4.14.2):
    dependencies:
      magic-string: 0.30.9
      rollup: 4.14.2

  rollup@4.14.2:
    dependencies:
      '@types/estree': 1.0.5
    optionalDependencies:
      '@rollup/rollup-android-arm-eabi': 4.14.2
      '@rollup/rollup-android-arm64': 4.14.2
      '@rollup/rollup-darwin-arm64': 4.14.2
      '@rollup/rollup-darwin-x64': 4.14.2
      '@rollup/rollup-linux-arm-gnueabihf': 4.14.2
      '@rollup/rollup-linux-arm64-gnu': 4.14.2
      '@rollup/rollup-linux-arm64-musl': 4.14.2
      '@rollup/rollup-linux-powerpc64le-gnu': 4.14.2
      '@rollup/rollup-linux-riscv64-gnu': 4.14.2
      '@rollup/rollup-linux-s390x-gnu': 4.14.2
      '@rollup/rollup-linux-x64-gnu': 4.14.2
      '@rollup/rollup-linux-x64-musl': 4.14.2
      '@rollup/rollup-win32-arm64-msvc': 4.14.2
      '@rollup/rollup-win32-ia32-msvc': 4.14.2
      '@rollup/rollup-win32-x64-msvc': 4.14.2
      fsevents: 2.3.3

  scheduler@0.23.0:
    dependencies:
      loose-envify: 1.4.0

  source-map-js@1.2.0: {}

  source-map@0.6.1: {}

  streamsearch@1.1.0: {}

  styled-jsx@5.1.1(react@18.2.0):
    dependencies:
      client-only: 0.0.1
      react: 18.2.0

  supports-color@5.5.0:
    dependencies:
      has-flag: 3.0.0
    optional: true

  supports-preserve-symlinks-flag@1.0.0: {}

  tslib@2.6.2: {}

  typescript@5.4.5: {}

  wrappy@1.0.2: {}
