lockfileVersion: '6.0'

settings:
  autoInstallPeers: true
  excludeLinksFromLockfile: false

devDependencies:
  '@types/react':
    specifier: ^18.2.78
    version: 18.3.3
  bunchee:
    specifier: ^5.1.2
    version: 5.1.5(typescript@5.4.5)
  next:
    specifier: ^14.2.1
    version: 14.2.3(react-dom@18.3.1)(react@18.3.1)
  react:
    specifier: ^18.2.0
    version: 18.3.1
  react-dom:
    specifier: ^18.2.0
    version: 18.3.1(react@18.3.1)
  typescript:
    specifier: ^5.4.5
    version: 5.4.5

packages:

  /@babel/code-frame@7.24.6:
    resolution: {integrity: sha512-ZJhac6FkEd1yhG2AHOmfcXG4ceoLltoCVJjN5XsWN9BifBQr+cHJbWi0h68HZuSORq+3WtJ2z0hwF2NG1b5kcA==}
    engines: {node: '>=6.9.0'}
    requiresBuild: true
    dependencies:
      '@babel/highlight': 7.24.6
      picocolors: 1.0.1
    dev: true
    optional: true

  /@babel/helper-validator-identifier@7.24.6:
    resolution: {integrity: sha512-4yA7s865JHaqUdRbnaxarZREuPTHrjpDT+pXoAZ1yhyo6uFnIEpS8VMu16siFOHDpZNKYv5BObhsB//ycbICyw==}
    engines: {node: '>=6.9.0'}
    requiresBuild: true
    dev: true
    optional: true

  /@babel/highlight@7.24.6:
    resolution: {integrity: sha512-2YnuOp4HAk2BsBrJJvYCbItHx0zWscI1C3zgWkz+wDyD9I7GIVrfnLyrR4Y1VR+7p+chAEcrgRQYZAGIKMV7vQ==}
    engines: {node: '>=6.9.0'}
    requiresBuild: true
    dependencies:
      '@babel/helper-validator-identifier': 7.24.6
      chalk: 2.4.2
      js-tokens: 4.0.0
      picocolors: 1.0.1
    dev: true
    optional: true

  /@fastify/deepmerge@1.3.0:
    resolution: {integrity: sha512-J8TOSBq3SoZbDhM9+R/u77hP93gz/rajSA+K2kGyijPpORPWUXHUpTaleoj+92As0S9uPRP7Oi8IqMf0u+ro6A==}
    dev: true

  /@jridgewell/sourcemap-codec@1.4.15:
    resolution: {integrity: sha512-eF2rxCRulEKXHTRiDrDy6erMYWqNw4LPdQ8UQA4huuxaQsVeRPFl2oM8oDGxMFhJUWZf9McpLtJasDDZb/Bpeg==}
    dev: true

  /@next/env@14.2.3:
    resolution: {integrity: sha512-W7fd7IbkfmeeY2gXrzJYDx8D2lWKbVoTIj1o1ScPHNzvp30s1AuoEFSdr39bC5sjxJaxTtq3OTCZboNp0lNWHA==}
    dev: true

  /@next/swc-darwin-arm64@14.2.3:
    resolution: {integrity: sha512-3pEYo/RaGqPP0YzwnlmPN2puaF2WMLM3apt5jLW2fFdXD9+pqcoTzRk+iZsf8ta7+quAe4Q6Ms0nR0SFGFdS1A==}
    engines: {node: '>= 10'}
    cpu: [arm64]
    os: [darwin]
    requiresBuild: true
    dev: true
    optional: true

  /@next/swc-darwin-x64@14.2.3:
    resolution: {integrity: sha512-6adp7waE6P1TYFSXpY366xwsOnEXM+y1kgRpjSRVI2CBDOcbRjsJ67Z6EgKIqWIue52d2q/Mx8g9MszARj8IEA==}
    engines: {node: '>= 10'}
    cpu: [x64]
    os: [darwin]
    requiresBuild: true
    dev: true
    optional: true

  /@next/swc-linux-arm64-gnu@14.2.3:
    resolution: {integrity: sha512-cuzCE/1G0ZSnTAHJPUT1rPgQx1w5tzSX7POXSLaS7w2nIUJUD+e25QoXD/hMfxbsT9rslEXugWypJMILBj/QsA==}
    engines: {node: '>= 10'}
    cpu: [arm64]
    os: [linux]
    requiresBuild: true
    dev: true
    optional: true

  /@next/swc-linux-arm64-musl@14.2.3:
    resolution: {integrity: sha512-0D4/oMM2Y9Ta3nGuCcQN8jjJjmDPYpHX9OJzqk42NZGJocU2MqhBq5tWkJrUQOQY9N+In9xOdymzapM09GeiZw==}
    engines: {node: '>= 10'}
    cpu: [arm64]
    os: [linux]
    requiresBuild: true
    dev: true
    optional: true

  /@next/swc-linux-x64-gnu@14.2.3:
    resolution: {integrity: sha512-ENPiNnBNDInBLyUU5ii8PMQh+4XLr4pG51tOp6aJ9xqFQ2iRI6IH0Ds2yJkAzNV1CfyagcyzPfROMViS2wOZ9w==}
    engines: {node: '>= 10'}
    cpu: [x64]
    os: [linux]
    requiresBuild: true
    dev: true
    optional: true

  /@next/swc-linux-x64-musl@14.2.3:
    resolution: {integrity: sha512-BTAbq0LnCbF5MtoM7I/9UeUu/8ZBY0i8SFjUMCbPDOLv+un67e2JgyN4pmgfXBwy/I+RHu8q+k+MCkDN6P9ViQ==}
    engines: {node: '>= 10'}
    cpu: [x64]
    os: [linux]
    requiresBuild: true
    dev: true
    optional: true

  /@next/swc-win32-arm64-msvc@14.2.3:
    resolution: {integrity: sha512-AEHIw/dhAMLNFJFJIJIyOFDzrzI5bAjI9J26gbO5xhAKHYTZ9Or04BesFPXiAYXDNdrwTP2dQceYA4dL1geu8A==}
    engines: {node: '>= 10'}
    cpu: [arm64]
    os: [win32]
    requiresBuild: true
    dev: true
    optional: true

  /@next/swc-win32-ia32-msvc@14.2.3:
    resolution: {integrity: sha512-vga40n1q6aYb0CLrM+eEmisfKCR45ixQYXuBXxOOmmoV8sYST9k7E3US32FsY+CkkF7NtzdcebiFT4CHuMSyZw==}
    engines: {node: '>= 10'}
    cpu: [ia32]
    os: [win32]
    requiresBuild: true
    dev: true
    optional: true

  /@next/swc-win32-x64-msvc@14.2.3:
    resolution: {integrity: sha512-Q1/zm43RWynxrO7lW4ehciQVj+5ePBhOK+/K2P7pLFX3JaJ/IZVC69SHidrmZSOkqz7ECIOhhy7XhAFG4JYyHA==}
    engines: {node: '>= 10'}
    cpu: [x64]
    os: [win32]
    requiresBuild: true
    dev: true
    optional: true

  /@rollup/plugin-commonjs@25.0.8(rollup@4.18.0):
    resolution: {integrity: sha512-ZEZWTK5n6Qde0to4vS9Mr5x/0UZoqCxPVR9KRUjU4kA2sO7GEUn1fop0DAwpO6z0Nw/kJON9bDmSxdWxO/TT1A==}
    engines: {node: '>=14.0.0'}
    peerDependencies:
      rollup: ^2.68.0||^3.0.0||^4.0.0
    peerDependenciesMeta:
      rollup:
        optional: true
    dependencies:
      '@rollup/pluginutils': 5.1.0(rollup@4.18.0)
      commondir: 1.0.1
      estree-walker: 2.0.2
      glob: 8.1.0
      is-reference: 1.2.1
      magic-string: 0.30.10
      rollup: 4.18.0
    dev: true

  /@rollup/plugin-json@6.1.0(rollup@4.18.0):
    resolution: {integrity: sha512-EGI2te5ENk1coGeADSIwZ7G2Q8CJS2sF120T7jLw4xFw9n7wIOXHo+kIYRAoVpJAN+kmqZSoO3Fp4JtoNF4ReA==}
    engines: {node: '>=14.0.0'}
    peerDependencies:
      rollup: ^1.20.0||^2.0.0||^3.0.0||^4.0.0
    peerDependenciesMeta:
      rollup:
        optional: true
    dependencies:
      '@rollup/pluginutils': 5.1.0(rollup@4.18.0)
      rollup: 4.18.0
    dev: true

  /@rollup/plugin-node-resolve@15.2.3(rollup@4.18.0):
    resolution: {integrity: sha512-j/lym8nf5E21LwBT4Df1VD6hRO2L2iwUeUmP7litikRsVp1H6NWx20NEp0Y7su+7XGc476GnXXc4kFeZNGmaSQ==}
    engines: {node: '>=14.0.0'}
    peerDependencies:
      rollup: ^2.78.0||^3.0.0||^4.0.0
    peerDependenciesMeta:
      rollup:
        optional: true
    dependencies:
      '@rollup/pluginutils': 5.1.0(rollup@4.18.0)
      '@types/resolve': 1.20.2
      deepmerge: 4.3.1
      is-builtin-module: 3.2.1
      is-module: 1.0.0
      resolve: 1.22.8
      rollup: 4.18.0
    dev: true

  /@rollup/plugin-replace@5.0.5(rollup@4.18.0):
    resolution: {integrity: sha512-rYO4fOi8lMaTg/z5Jb+hKnrHHVn8j2lwkqwyS4kTRhKyWOLf2wST2sWXr4WzWiTcoHTp2sTjqUbqIj2E39slKQ==}
    engines: {node: '>=14.0.0'}
    peerDependencies:
      rollup: ^1.20.0||^2.0.0||^3.0.0||^4.0.0
    peerDependenciesMeta:
      rollup:
        optional: true
    dependencies:
      '@rollup/pluginutils': 5.1.0(rollup@4.18.0)
      magic-string: 0.30.10
      rollup: 4.18.0
    dev: true

  /@rollup/plugin-wasm@6.2.2(rollup@4.18.0):
    resolution: {integrity: sha512-gpC4R1G9Ni92ZIRTexqbhX7U+9estZrbhP+9SRb0DW9xpB9g7j34r+J2hqrcW/lRI7dJaU84MxZM0Rt82tqYPQ==}
    engines: {node: '>=14.0.0'}
    peerDependencies:
      rollup: ^1.20.0||^2.0.0||^3.0.0||^4.0.0
    peerDependenciesMeta:
      rollup:
        optional: true
    dependencies:
      '@rollup/pluginutils': 5.1.0(rollup@4.18.0)
      rollup: 4.18.0
    dev: true

  /@rollup/pluginutils@5.1.0(rollup@4.18.0):
    resolution: {integrity: sha512-XTIWOPPcpvyKI6L1NHo0lFlCyznUEyPmPY1mc3KpPVDYulHSTvyeLNVW00QTLIAFNhR3kYnJTQHeGqU4M3n09g==}
    engines: {node: '>=14.0.0'}
    peerDependencies:
      rollup: ^1.20.0||^2.0.0||^3.0.0||^4.0.0
    peerDependenciesMeta:
      rollup:
        optional: true
    dependencies:
      '@types/estree': 1.0.5
      estree-walker: 2.0.2
      picomatch: 2.3.1
      rollup: 4.18.0
    dev: true

  /@rollup/rollup-android-arm-eabi@4.18.0:
    resolution: {integrity: sha512-Tya6xypR10giZV1XzxmH5wr25VcZSncG0pZIjfePT0OVBvqNEurzValetGNarVrGiq66EBVAFn15iYX4w6FKgQ==}
    cpu: [arm]
    os: [android]
    requiresBuild: true
    dev: true
    optional: true

  /@rollup/rollup-android-arm64@4.18.0:
    resolution: {integrity: sha512-avCea0RAP03lTsDhEyfy+hpfr85KfyTctMADqHVhLAF3MlIkq83CP8UfAHUssgXTYd+6er6PaAhx/QGv4L1EiA==}
    cpu: [arm64]
    os: [android]
    requiresBuild: true
    dev: true
    optional: true

  /@rollup/rollup-darwin-arm64@4.18.0:
    resolution: {integrity: sha512-IWfdwU7KDSm07Ty0PuA/W2JYoZ4iTj3TUQjkVsO/6U+4I1jN5lcR71ZEvRh52sDOERdnNhhHU57UITXz5jC1/w==}
    cpu: [arm64]
    os: [darwin]
    requiresBuild: true
    dev: true
    optional: true

  /@rollup/rollup-darwin-x64@4.18.0:
    resolution: {integrity: sha512-n2LMsUz7Ynu7DoQrSQkBf8iNrjOGyPLrdSg802vk6XT3FtsgX6JbE8IHRvposskFm9SNxzkLYGSq9QdpLYpRNA==}
    cpu: [x64]
    os: [darwin]
    requiresBuild: true
    dev: true
    optional: true

  /@rollup/rollup-linux-arm-gnueabihf@4.18.0:
    resolution: {integrity: sha512-C/zbRYRXFjWvz9Z4haRxcTdnkPt1BtCkz+7RtBSuNmKzMzp3ZxdM28Mpccn6pt28/UWUCTXa+b0Mx1k3g6NOMA==}
    cpu: [arm]
    os: [linux]
    requiresBuild: true
    dev: true
    optional: true

  /@rollup/rollup-linux-arm-musleabihf@4.18.0:
    resolution: {integrity: sha512-l3m9ewPgjQSXrUMHg93vt0hYCGnrMOcUpTz6FLtbwljo2HluS4zTXFy2571YQbisTnfTKPZ01u/ukJdQTLGh9A==}
    cpu: [arm]
    os: [linux]
    requiresBuild: true
    dev: true
    optional: true

  /@rollup/rollup-linux-arm64-gnu@4.18.0:
    resolution: {integrity: sha512-rJ5D47d8WD7J+7STKdCUAgmQk49xuFrRi9pZkWoRD1UeSMakbcepWXPF8ycChBoAqs1pb2wzvbY6Q33WmN2ftw==}
    cpu: [arm64]
    os: [linux]
    requiresBuild: true
    dev: true
    optional: true

  /@rollup/rollup-linux-arm64-musl@4.18.0:
    resolution: {integrity: sha512-be6Yx37b24ZwxQ+wOQXXLZqpq4jTckJhtGlWGZs68TgdKXJgw54lUUoFYrg6Zs/kjzAQwEwYbp8JxZVzZLRepQ==}
    cpu: [arm64]
    os: [linux]
    requiresBuild: true
    dev: true
    optional: true

  /@rollup/rollup-linux-powerpc64le-gnu@4.18.0:
    resolution: {integrity: sha512-hNVMQK+qrA9Todu9+wqrXOHxFiD5YmdEi3paj6vP02Kx1hjd2LLYR2eaN7DsEshg09+9uzWi2W18MJDlG0cxJA==}
    cpu: [ppc64]
    os: [linux]
    requiresBuild: true
    dev: true
    optional: true

  /@rollup/rollup-linux-riscv64-gnu@4.18.0:
    resolution: {integrity: sha512-ROCM7i+m1NfdrsmvwSzoxp9HFtmKGHEqu5NNDiZWQtXLA8S5HBCkVvKAxJ8U+CVctHwV2Gb5VUaK7UAkzhDjlg==}
    cpu: [riscv64]
    os: [linux]
    requiresBuild: true
    dev: true
    optional: true

  /@rollup/rollup-linux-s390x-gnu@4.18.0:
    resolution: {integrity: sha512-0UyyRHyDN42QL+NbqevXIIUnKA47A+45WyasO+y2bGJ1mhQrfrtXUpTxCOrfxCR4esV3/RLYyucGVPiUsO8xjg==}
    cpu: [s390x]
    os: [linux]
    requiresBuild: true
    dev: true
    optional: true

  /@rollup/rollup-linux-x64-gnu@4.18.0:
    resolution: {integrity: sha512-xuglR2rBVHA5UsI8h8UbX4VJ470PtGCf5Vpswh7p2ukaqBGFTnsfzxUBetoWBWymHMxbIG0Cmx7Y9qDZzr648w==}
    cpu: [x64]
    os: [linux]
    requiresBuild: true
    dev: true
    optional: true

  /@rollup/rollup-linux-x64-musl@4.18.0:
    resolution: {integrity: sha512-LKaqQL9osY/ir2geuLVvRRs+utWUNilzdE90TpyoX0eNqPzWjRm14oMEE+YLve4k/NAqCdPkGYDaDF5Sw+xBfg==}
    cpu: [x64]
    os: [linux]
    requiresBuild: true
    dev: true
    optional: true

  /@rollup/rollup-win32-arm64-msvc@4.18.0:
    resolution: {integrity: sha512-7J6TkZQFGo9qBKH0pk2cEVSRhJbL6MtfWxth7Y5YmZs57Pi+4x6c2dStAUvaQkHQLnEQv1jzBUW43GvZW8OFqA==}
    cpu: [arm64]
    os: [win32]
    requiresBuild: true
    dev: true
    optional: true

  /@rollup/rollup-win32-ia32-msvc@4.18.0:
    resolution: {integrity: sha512-Txjh+IxBPbkUB9+SXZMpv+b/vnTEtFyfWZgJ6iyCmt2tdx0OF5WhFowLmnh8ENGNpfUlUZkdI//4IEmhwPieNg==}
    cpu: [ia32]
    os: [win32]
    requiresBuild: true
    dev: true
    optional: true

  /@rollup/rollup-win32-x64-msvc@4.18.0:
    resolution: {integrity: sha512-UOo5FdvOL0+eIVTgS4tIdbW+TtnBLWg1YBCcU2KWM7nuNwRz9bksDX1bekJJCpu25N1DVWaCwnT39dVQxzqS8g==}
    cpu: [x64]
    os: [win32]
    requiresBuild: true
    dev: true
    optional: true

  /@swc/core-darwin-arm64@1.5.7:
    resolution: {integrity: sha512-bZLVHPTpH3h6yhwVl395k0Mtx8v6CGhq5r4KQdAoPbADU974Mauz1b6ViHAJ74O0IVE5vyy7tD3OpkQxL/vMDQ==}
    engines: {node: '>=10'}
    cpu: [arm64]
    os: [darwin]
    requiresBuild: true
    dev: true
    optional: true

  /@swc/core-darwin-x64@1.5.7:
    resolution: {integrity: sha512-RpUyu2GsviwTc2qVajPL0l8nf2vKj5wzO3WkLSHAHEJbiUZk83NJrZd1RVbEknIMO7+Uyjh54hEh8R26jSByaw==}
    engines: {node: '>=10'}
    cpu: [x64]
    os: [darwin]
    requiresBuild: true
    dev: true
    optional: true

  /@swc/core-linux-arm-gnueabihf@1.5.7:
    resolution: {integrity: sha512-cTZWTnCXLABOuvWiv6nQQM0hP6ZWEkzdgDvztgHI/+u/MvtzJBN5lBQ2lue/9sSFYLMqzqff5EHKlFtrJCA9dQ==}
    engines: {node: '>=10'}
    cpu: [arm]
    os: [linux]
    requiresBuild: true
    dev: true
    optional: true

  /@swc/core-linux-arm64-gnu@1.5.7:
    resolution: {integrity: sha512-hoeTJFBiE/IJP30Be7djWF8Q5KVgkbDtjySmvYLg9P94bHg9TJPSQoC72tXx/oXOgXvElDe/GMybru0UxhKx4g==}
    engines: {node: '>=10'}
    cpu: [arm64]
    os: [linux]
    requiresBuild: true
    dev: true
    optional: true

  /@swc/core-linux-arm64-musl@1.5.7:
    resolution: {integrity: sha512-+NDhK+IFTiVK1/o7EXdCeF2hEzCiaRSrb9zD7X2Z7inwWlxAntcSuzZW7Y6BRqGQH89KA91qYgwbnjgTQ22PiQ==}
    engines: {node: '>=10'}
    cpu: [arm64]
    os: [linux]
    requiresBuild: true
    dev: true
    optional: true

  /@swc/core-linux-x64-gnu@1.5.7:
    resolution: {integrity: sha512-25GXpJmeFxKB+7pbY7YQLhWWjkYlR+kHz5I3j9WRl3Lp4v4UD67OGXwPe+DIcHqcouA1fhLhsgHJWtsaNOMBNg==}
    engines: {node: '>=10'}
    cpu: [x64]
    os: [linux]
    requiresBuild: true
    dev: true
    optional: true

  /@swc/core-linux-x64-musl@1.5.7:
    resolution: {integrity: sha512-0VN9Y5EAPBESmSPPsCJzplZHV26akC0sIgd3Hc/7S/1GkSMoeuVL+V9vt+F/cCuzr4VidzSkqftdP3qEIsXSpg==}
    engines: {node: '>=10'}
    cpu: [x64]
    os: [linux]
    requiresBuild: true
    dev: true
    optional: true

  /@swc/core-win32-arm64-msvc@1.5.7:
    resolution: {integrity: sha512-RtoNnstBwy5VloNCvmvYNApkTmuCe4sNcoYWpmY7C1+bPR+6SOo8im1G6/FpNem8AR5fcZCmXHWQ+EUmRWJyuA==}
    engines: {node: '>=10'}
    cpu: [arm64]
    os: [win32]
    requiresBuild: true
    dev: true
    optional: true

  /@swc/core-win32-ia32-msvc@1.5.7:
    resolution: {integrity: sha512-Xm0TfvcmmspvQg1s4+USL3x8D+YPAfX2JHygvxAnCJ0EHun8cm2zvfNBcsTlnwYb0ybFWXXY129aq1wgFC9TpQ==}
    engines: {node: '>=10'}
    cpu: [ia32]
    os: [win32]
    requiresBuild: true
    dev: true
    optional: true

  /@swc/core-win32-x64-msvc@1.5.7:
    resolution: {integrity: sha512-tp43WfJLCsKLQKBmjmY/0vv1slVywR5Q4qKjF5OIY8QijaEW7/8VwPyUyVoJZEnDgv9jKtUTG5PzqtIYPZGnyg==}
    engines: {node: '>=10'}
    cpu: [x64]
    os: [win32]
    requiresBuild: true
    dev: true
    optional: true

  /@swc/core@1.5.7(@swc/helpers@0.5.11):
    resolution: {integrity: sha512-U4qJRBefIJNJDRCCiVtkfa/hpiZ7w0R6kASea+/KLp+vkus3zcLSB8Ub8SvKgTIxjWpwsKcZlPf5nrv4ls46SQ==}
    engines: {node: '>=10'}
    requiresBuild: true
    peerDependencies:
      '@swc/helpers': ^0.5.0
    peerDependenciesMeta:
      '@swc/helpers':
        optional: true
    dependencies:
      '@swc/counter': 0.1.3
      '@swc/helpers': 0.5.11
      '@swc/types': 0.1.7
    optionalDependencies:
      '@swc/core-darwin-arm64': 1.5.7
      '@swc/core-darwin-x64': 1.5.7
      '@swc/core-linux-arm-gnueabihf': 1.5.7
      '@swc/core-linux-arm64-gnu': 1.5.7
      '@swc/core-linux-arm64-musl': 1.5.7
      '@swc/core-linux-x64-gnu': 1.5.7
      '@swc/core-linux-x64-musl': 1.5.7
      '@swc/core-win32-arm64-msvc': 1.5.7
      '@swc/core-win32-ia32-msvc': 1.5.7
      '@swc/core-win32-x64-msvc': 1.5.7
    dev: true

  /@swc/counter@0.1.3:
    resolution: {integrity: sha512-e2BR4lsJkkRlKZ/qCHPw9ZaSxc0MVUd7gtbtaB7aMvHeJVYe8sOB8DBZkP2DtISHGSku9sCK6T6cnY0CtXrOCQ==}
    dev: true

  /@swc/helpers@0.5.11:
    resolution: {integrity: sha512-YNlnKRWF2sVojTpIyzwou9XoTNbzbzONwRhOoniEioF1AtaitTvVZblaQRrAzChWQ1bLYyYSWzM18y4WwgzJ+A==}
    dependencies:
      tslib: 2.6.2
    dev: true

  /@swc/helpers@0.5.5:
    resolution: {integrity: sha512-KGYxvIOXcceOAbEk4bi/dVLEK9z8sZ0uBB3Il5b1rhfClSpcX0yfRO0KmTkqR2cnQDymwLB+25ZyMzICg/cm/A==}
    dependencies:
      '@swc/counter': 0.1.3
      tslib: 2.6.2
    dev: true

  /@swc/types@0.1.7:
    resolution: {integrity: sha512-scHWahbHF0eyj3JsxG9CFJgFdFNaVQCNAimBlT6PzS3n/HptxqREjsm4OH6AN3lYcffZYSPxXW8ua2BEHp0lJQ==}
    dependencies:
      '@swc/counter': 0.1.3
    dev: true

  /@types/estree@1.0.5:
    resolution: {integrity: sha512-/kYRxGDLWzHOB7q+wtSUQlFrtcdUccpfy+X+9iMBpHK8QLLhx2wIPYuS5DYtR9Wa/YlZAbIovy7qVdB1Aq6Lyw==}
    dev: true

  /@types/prop-types@15.7.12:
    resolution: {integrity: sha512-5zvhXYtRNRluoE/jAp4GVsSduVUzNWKkOZrCDBWYtE7biZywwdC2AcEzg+cSMLFRfVgeAFqpfNabiPjxFddV1Q==}
    dev: true

  /@types/react@18.3.3:
    resolution: {integrity: sha512-hti/R0pS0q1/xx+TsI73XIqk26eBsISZ2R0wUijXIngRK9R/e7Xw/cXVxQK7R5JjW+SV4zGcn5hXjudkN/pLIw==}
    dependencies:
      '@types/prop-types': 15.7.12
      csstype: 3.1.3
    dev: true

  /@types/resolve@1.20.2:
    resolution: {integrity: sha512-60BCwRFOZCQhDncwQdxxeOEEkbc5dIMccYLwbxsS4TUNeVECQ/pBJ0j09mrHOl/JJvpRPGwO9SvE4nR2Nb/a4Q==}
    dev: true

  /ansi-styles@3.2.1:
    resolution: {integrity: sha512-VT0ZI6kZRdTh8YyJw3SMbYm/u+NqfsAxEpWO0Pf9sq8/e94WxxOpPKx9FR1FlyCtOVDNOQ+8ntlqFxiRc+r5qA==}
    engines: {node: '>=4'}
    requiresBuild: true
    dependencies:
      color-convert: 1.9.3
    dev: true
    optional: true

  /arg@5.0.2:
    resolution: {integrity: sha512-PYjyFOLKQ9y57JvQ6QLo8dAgNqswh8M1RMJYdQduT6xbWSgK36P/Z/v+p888pM69jMMfS8Xd8F6I1kQ/I9HUGg==}
    dev: true

  /balanced-match@1.0.2:
    resolution: {integrity: sha512-3oSeUO0TMV67hN1AmbXsK4yaqU7tjiHlbxRDZOpH0KW9+CeX4bRAaX0Anxt0tx2MrpRpWwQaPwIlISEJhYU5Pw==}
    dev: true

  /brace-expansion@2.0.1:
    resolution: {integrity: sha512-XnAIvQ8eM+kC6aULx6wuQiwVsnzsi9d3WxzV3FpWTGA19F621kwdbsAcFKXgKUHZWsy+mY6iL1sHTxWEFCytDA==}
    dependencies:
      balanced-match: 1.0.2
    dev: true

  /builtin-modules@3.3.0:
    resolution: {integrity: sha512-zhaCDicdLuWN5UbN5IMnFqNMhNfo919sH85y2/ea+5Yg9TsTkeZxpL+JLbp6cgYFS4sRLp3YV4S6yDuqVWHYOw==}
    engines: {node: '>=6'}
    dev: true

  /bunchee@5.1.5(typescript@5.4.5):
    resolution: {integrity: sha512-zrUIjZcyJjiXdUk1U1Sa1ItmopK3ZmzFUGQ5M4FGDPRI0ksDB4OCRyqp5ci2vFdLFy1y8MbrxIoOD6/j8TYfYQ==}
    engines: {node: '>= 18.0.0'}
    hasBin: true
    peerDependencies:
      typescript: ^4.1 || ^5.0
    peerDependenciesMeta:
      '@swc/helpers':
        optional: true
      typescript:
        optional: true
    dependencies:
      '@rollup/plugin-commonjs': 25.0.8(rollup@4.18.0)
      '@rollup/plugin-json': 6.1.0(rollup@4.18.0)
      '@rollup/plugin-node-resolve': 15.2.3(rollup@4.18.0)
      '@rollup/plugin-replace': 5.0.5(rollup@4.18.0)
      '@rollup/plugin-wasm': 6.2.2(rollup@4.18.0)
      '@rollup/pluginutils': 5.1.0(rollup@4.18.0)
      '@swc/core': 1.5.7(@swc/helpers@0.5.11)
      '@swc/helpers': 0.5.11
      arg: 5.0.2
      clean-css: 5.3.3
      magic-string: 0.30.10
      pretty-bytes: 5.6.0
      rollup: 4.18.0
      rollup-plugin-dts: 6.1.1(rollup@4.18.0)(typescript@5.4.5)
      rollup-plugin-swc3: 0.11.2(@swc/core@1.5.7)(rollup@4.18.0)
      rollup-preserve-directives: 1.1.1(rollup@4.18.0)
      tslib: 2.6.2
      typescript: 5.4.5
    dev: true

  /busboy@1.6.0:
    resolution: {integrity: sha512-8SFQbg/0hQ9xy3UNTB0YEnsNBbWfhf7RtnzpL7TkBiTBRfrQ9Fxcnz7VJsleJpyp6rVLvXiuORqjlHi5q+PYuA==}
    engines: {node: '>=10.16.0'}
    dependencies:
      streamsearch: 1.1.0
    dev: true

  /caniuse-lite@1.0.30001625:
    resolution: {integrity: sha512-4KE9N2gcRH+HQhpeiRZXd+1niLB/XNLAhSy4z7fI8EzcbcPoAqjNInxVHTiTwWfTIV4w096XG8OtCOCQQKPv3w==}
    dev: true

  /chalk@2.4.2:
    resolution: {integrity: sha512-Mti+f9lpJNcwF4tWV8/OrTTtF1gZi+f8FqlyAdouralcFWFQWF2+NgCHShjkCb+IFBLq9buZwE1xckQU4peSuQ==}
    engines: {node: '>=4'}
    requiresBuild: true
    dependencies:
      ansi-styles: 3.2.1
      escape-string-regexp: 1.0.5
      supports-color: 5.5.0
    dev: true
    optional: true

  /clean-css@5.3.3:
    resolution: {integrity: sha512-D5J+kHaVb/wKSFcyyV75uCn8fiY4sV38XJoe4CUyGQ+mOU/fMVYUdH1hJC+CJQ5uY3EnW27SbJYS4X8BiLrAFg==}
    engines: {node: '>= 10.0'}
    dependencies:
      source-map: 0.6.1
    dev: true

  /client-only@0.0.1:
    resolution: {integrity: sha512-IV3Ou0jSMzZrd3pZ48nLkT9DA7Ag1pnPzaiQhpW7c3RbcqqzvzzVu+L8gfqMp/8IM2MQtSiqaCxrrcfu8I8rMA==}
    dev: true

  /color-convert@1.9.3:
    resolution: {integrity: sha512-QfAUtd+vFdAtFQcC8CCyYt1fYWxSqAiK2cSD6zDB8N3cpsEBAvRxp9zOGg6G/SHHJYAT88/az/IuDGALsNVbGg==}
    requiresBuild: true
    dependencies:
      color-name: 1.1.3
    dev: true
    optional: true

  /color-name@1.1.3:
    resolution: {integrity: sha512-72fSenhMw2HZMTVHeCA9KCmpEIbzWiQsjN+BHcBbS9vr1mtt+vJjPdksIBNUmKAW8TFUDPJK5SUU3QhE9NEXDw==}
    requiresBuild: true
    dev: true
    optional: true

  /commondir@1.0.1:
    resolution: {integrity: sha512-W9pAhw0ja1Edb5GVdIF1mjZw/ASI0AlShXM83UUGe2DVr5TdAPEA1OA8m/g8zWp9x6On7gqufY+FatDbC3MDQg==}
    dev: true

  /csstype@3.1.3:
    resolution: {integrity: sha512-M1uQkMl8rQK/szD0LNhtqxIPLpimGm8sOBwU7lLnCpSbTyY3yeU1Vc7l4KT5zT4s/yOxHH5O7tIuuLOCnLADRw==}
    dev: true

  /deepmerge@4.3.1:
    resolution: {integrity: sha512-3sUqbMEc77XqpdNO7FRyRog+eW3ph+GYCbj+rK+uYyRMuwsVy0rMiVtPn+QJlKFvWP/1PYpapqYn0Me2knFn+A==}
    engines: {node: '>=0.10.0'}
    dev: true

  /escape-string-regexp@1.0.5:
    resolution: {integrity: sha512-vbRorB5FUQWvla16U8R/qgaFIya2qGzwDrNmCZuYKrbdSUMG6I1ZCGQRefkRVhuOkIGVne7BQ35DSfo1qvJqFg==}
    engines: {node: '>=0.8.0'}
    requiresBuild: true
    dev: true
    optional: true

  /estree-walker@2.0.2:
    resolution: {integrity: sha512-Rfkk/Mp/DL7JVje3u18FxFujQlTNR2q6QfMSMB7AvCBx91NGj/ba3kCfza0f6dVDbw7YlRf/nDrn7pQrCCyQ/w==}
    dev: true

  /fs.realpath@1.0.0:
    resolution: {integrity: sha512-OO0pH2lK6a0hZnAdau5ItzHPI6pUlvI7jMVnxUQRtw4owF2wk8lOSabtGDCTP4Ggrg2MbGnWO9X8K1t4+fGMDw==}
    dev: true

  /fsevents@2.3.3:
    resolution: {integrity: sha512-5xoDfX+fL7faATnagmWPpbFtwh/R77WmMMqqHGS65C3vvB0YHrgF+B1YmZ3441tMj5n63k0212XNoJwzlhffQw==}
    engines: {node: ^8.16.0 || ^10.6.0 || >=11.0.0}
    os: [darwin]
    requiresBuild: true
    dev: true
    optional: true

  /function-bind@1.1.2:
    resolution: {integrity: sha512-7XHNxH7qX9xG5mIwxkhumTox/MIRNcOgDrxWsMt2pAr23WHp6MrRlN7FBSFpCpr+oVO0F744iUgR82nJMfG2SA==}
    dev: true

  /get-tsconfig@4.7.5:
    resolution: {integrity: sha512-ZCuZCnlqNzjb4QprAzXKdpp/gh6KTxSJuw3IBsPnV/7fV4NxC9ckB+vPTt8w7fJA0TaSD7c55BR47JD6MEDyDw==}
    dependencies:
      resolve-pkg-maps: 1.0.0
    dev: true

  /glob@8.1.0:
    resolution: {integrity: sha512-r8hpEjiQEYlF2QU0df3dS+nxxSIreXQS1qRhMJM0Q5NDdR386C7jb7Hwwod8Fgiuex+k0GFjgft18yvxm5XoCQ==}
    engines: {node: '>=12'}
    deprecated: Glob versions prior to v9 are no longer supported
    dependencies:
      fs.realpath: 1.0.0
      inflight: 1.0.6
      inherits: 2.0.4
      minimatch: 5.1.6
      once: 1.4.0
    dev: true

  /graceful-fs@4.2.11:
    resolution: {integrity: sha512-RbJ5/jmFcNNCcDV5o9eTnBLJ/HszWV0P73bc+Ff4nS/rJj+YaS6IGyiOL0VoBYX+l1Wrl3k63h/KrH+nhJ0XvQ==}
    dev: true

  /has-flag@3.0.0:
    resolution: {integrity: sha512-sKJf1+ceQBr4SMkvQnBDNDtf4TXpVhVGateu0t918bl30FnbE2m4vNLX+VWe/dpjlb+HugGYzW7uQXH98HPEYw==}
    engines: {node: '>=4'}
    requiresBuild: true
    dev: true
    optional: true

  /hasown@2.0.2:
    resolution: {integrity: sha512-0hJU9SCPvmMzIBdZFqNPXWa6dqh7WdH0cII9y+CyS8rG3nL48Bclra9HmKhVVUHyPWNH5Y7xDwAB7bfgSjkUMQ==}
    engines: {node: '>= 0.4'}
    dependencies:
      function-bind: 1.1.2
    dev: true

  /inflight@1.0.6:
    resolution: {integrity: sha512-k92I/b08q4wvFscXCLvqfsHCrjrF7yiXsQuIVvVE7N82W3+aqpzuUdBbfhWcy/FZR3/4IgflMgKLOsvPDrGCJA==}
    deprecated: This module is not supported, and leaks memory. Do not use it. Check out lru-cache if you want a good and tested way to coalesce async requests by a key value, which is much more comprehensive and powerful.
    dependencies:
      once: 1.4.0
      wrappy: 1.0.2
    dev: true

  /inherits@2.0.4:
    resolution: {integrity: sha512-k/vGaX4/Yla3WzyMCvTQOXYeIHvqOKtnqBduzTHpzpQZzAskKMhZ2K+EnBiSM9zGSoIFeMpXKxa4dYeZIQqewQ==}
    dev: true

  /is-builtin-module@3.2.1:
    resolution: {integrity: sha512-BSLE3HnV2syZ0FK0iMA/yUGplUeMmNz4AW5fnTunbCIqZi4vG3WjJT9FHMy5D69xmAYBHXQhJdALdpwVxV501A==}
    engines: {node: '>=6'}
    dependencies:
      builtin-modules: 3.3.0
    dev: true

  /is-core-module@2.13.1:
    resolution: {integrity: sha512-hHrIjvZsftOsvKSn2TRYl63zvxsgE0K+0mYMoH6gD4omR5IWB2KynivBQczo3+wF1cCkjzvptnI9Q0sPU66ilw==}
    dependencies:
      hasown: 2.0.2
    dev: true

  /is-module@1.0.0:
    resolution: {integrity: sha512-51ypPSPCoTEIN9dy5Oy+h4pShgJmPCygKfyRCISBI+JoWT/2oJvK8QPxmwv7b/p239jXrm9M1mlQbyKJ5A152g==}
    dev: true

  /is-reference@1.2.1:
    resolution: {integrity: sha512-U82MsXXiFIrjCK4otLT+o2NA2Cd2g5MLoOVXUZjIOhLurrRxpEXzI8O0KZHr3IjLvlAH1kTPYSuqer5T9ZVBKQ==}
    dependencies:
      '@types/estree': 1.0.5
    dev: true

  /js-tokens@4.0.0:
    resolution: {integrity: sha512-RdJUflcE3cUzKiMqQgsCu06FPu9UdIJO0beYbPhHN4k6apgJtifcoCtT9bcxOpYBtpD2kCM6Sbzg4CausW/PKQ==}
    dev: true

  /loose-envify@1.4.0:
    resolution: {integrity: sha512-lyuxPGr/Wfhrlem2CL/UcnUc1zcqKAImBDzukY7Y5F/yQiNdko6+fRLevlw1HgMySw7f611UIY408EtxRSoK3Q==}
    hasBin: true
    dependencies:
      js-tokens: 4.0.0
    dev: true

  /magic-string@0.30.10:
    resolution: {integrity: sha512-iIRwTIf0QKV3UAnYK4PU8uiEc4SRh5jX0mwpIwETPpHdhVM4f53RSwS/vXvN1JhGX+Cs7B8qIq3d6AH49O5fAQ==}
    dependencies:
      '@jridgewell/sourcemap-codec': 1.4.15
    dev: true

  /minimatch@5.1.6:
    resolution: {integrity: sha512-lKwV/1brpG6mBUFHtb7NUmtABCb2WZZmm2wNiOA5hAb8VdCS4B3dtMWyvcoViccwAW/COERjXLt0zP1zXUN26g==}
    engines: {node: '>=10'}
    dependencies:
      brace-expansion: 2.0.1
    dev: true

  /nanoid@3.3.7:
    resolution: {integrity: sha512-eSRppjcPIatRIMC1U6UngP8XFcz8MQWGQdt1MTBQ7NaAmvXDfvNxbvWV3x2y6CdEUciCSsDHDQZbhYaB8QEo2g==}
    engines: {node: ^10 || ^12 || ^13.7 || ^14 || >=15.0.1}
    hasBin: true
    dev: true

  /next@14.2.3(react-dom@18.3.1)(react@18.3.1):
    resolution: {integrity: sha512-dowFkFTR8v79NPJO4QsBUtxv0g9BrS/phluVpMAt2ku7H+cbcBJlopXjkWlwxrk/xGqMemr7JkGPGemPrLLX7A==}
    engines: {node: '>=18.17.0'}
    hasBin: true
    peerDependencies:
      '@opentelemetry/api': ^1.1.0
      '@playwright/test': ^1.41.2
      react: ^18.2.0
      react-dom: ^18.2.0
      sass: ^1.3.0
    peerDependenciesMeta:
      '@opentelemetry/api':
        optional: true
      '@playwright/test':
        optional: true
      sass:
        optional: true
    dependencies:
      '@next/env': 14.2.3
      '@swc/helpers': 0.5.5
      busboy: 1.6.0
      caniuse-lite: 1.0.30001625
      graceful-fs: 4.2.11
      postcss: 8.4.31
      react: 18.3.1
      react-dom: 18.3.1(react@18.3.1)
      styled-jsx: 5.1.1(react@18.3.1)
    optionalDependencies:
      '@next/swc-darwin-arm64': 14.2.3
      '@next/swc-darwin-x64': 14.2.3
      '@next/swc-linux-arm64-gnu': 14.2.3
      '@next/swc-linux-arm64-musl': 14.2.3
      '@next/swc-linux-x64-gnu': 14.2.3
      '@next/swc-linux-x64-musl': 14.2.3
      '@next/swc-win32-arm64-msvc': 14.2.3
      '@next/swc-win32-ia32-msvc': 14.2.3
      '@next/swc-win32-x64-msvc': 14.2.3
    transitivePeerDependencies:
      - '@babel/core'
      - babel-plugin-macros
    dev: true

  /once@1.4.0:
    resolution: {integrity: sha512-lNaJgI+2Q5URQBkccEKHTQOPaXdUxnZZElQTZY0MFUAuaEqe1E+Nyvgdz/aIyNi6Z9MzO5dv1H8n58/GELp3+w==}
    dependencies:
      wrappy: 1.0.2
    dev: true

  /path-parse@1.0.7:
    resolution: {integrity: sha512-LDJzPVEEEPR+y48z93A0Ed0yXb8pAByGWo/k5YYdYgpY2/2EsOsksJrq7lOHxryrVOn1ejG6oAp8ahvOIQD8sw==}
    dev: true

  /picocolors@1.0.1:
    resolution: {integrity: sha512-anP1Z8qwhkbmu7MFP5iTt+wQKXgwzf7zTyGlcdzabySa9vd0Xt392U0rVmz9poOaBj0uHJKyyo9/upk0HrEQew==}
    dev: true

  /picomatch@2.3.1:
    resolution: {integrity: sha512-JU3teHTNjmE2VCGFzuY8EXzCDVwEqB2a8fsIvwaStHhAWJEeVd1o1QD80CU6+ZdEXXSLbSsuLwJjkCBWqRQUVA==}
    engines: {node: '>=8.6'}
    dev: true

  /postcss@8.4.31:
    resolution: {integrity: sha512-PS08Iboia9mts/2ygV3eLpY5ghnUcfLV/EXTOW1E2qYxJKGGBUtNjN76FYHnMs36RmARn41bC0AZmn+rR0OVpQ==}
    engines: {node: ^10 || ^12 || >=14}
    dependencies:
      nanoid: 3.3.7
      picocolors: 1.0.1
      source-map-js: 1.2.0
    dev: true

  /pretty-bytes@5.6.0:
    resolution: {integrity: sha512-FFw039TmrBqFK8ma/7OL3sDz/VytdtJr044/QUJtH0wK9lb9jLq9tJyIxUwtQJHwar2BqtiA4iCWSwo9JLkzFg==}
    engines: {node: '>=6'}
    dev: true

  /react-dom@18.3.1(react@18.3.1):
    resolution: {integrity: sha512-5m4nQKp+rZRb09LNH59GM4BxTh9251/ylbKIbpe7TpGxfJ+9kv6BLkLBXIjjspbgbnIBNqlI23tRnTWT0snUIw==}
    peerDependencies:
      react: ^18.3.1
    dependencies:
      loose-envify: 1.4.0
      react: 18.3.1
      scheduler: 0.23.2
    dev: true

  /react@18.3.1:
    resolution: {integrity: sha512-wS+hAgJShR0KhEvPJArfuPVN1+Hz1t0Y6n5jLrGQbkb4urgPE/0Rve+1kMB1v/oWgHgm4WIcV+i7F2pTVj+2iQ==}
    engines: {node: '>=0.10.0'}
    dependencies:
      loose-envify: 1.4.0
    dev: true

  /resolve-pkg-maps@1.0.0:
    resolution: {integrity: sha512-seS2Tj26TBVOC2NIc2rOe2y2ZO7efxITtLZcGSOnHHNOQ7CkiUBfw0Iw2ck6xkIhPwLhKNLS8BO+hEpngQlqzw==}
    dev: true

  /resolve@1.22.8:
    resolution: {integrity: sha512-oKWePCxqpd6FlLvGV1VU0x7bkPmmCNolxzjMf4NczoDnQcIWrAF+cPtZn5i6n+RfD2d9i0tzpKnG6Yk168yIyw==}
    hasBin: true
    dependencies:
      is-core-module: 2.13.1
      path-parse: 1.0.7
      supports-preserve-symlinks-flag: 1.0.0
    dev: true

  /rollup-plugin-dts@6.1.1(rollup@4.18.0)(typescript@5.4.5):
    resolution: {integrity: sha512-aSHRcJ6KG2IHIioYlvAOcEq6U99sVtqDDKVhnwt70rW6tsz3tv5OSjEiWcgzfsHdLyGXZ/3b/7b/+Za3Y6r1XA==}
    engines: {node: '>=16'}
    peerDependencies:
      rollup: ^3.29.4 || ^4
      typescript: ^4.5 || ^5.0
    dependencies:
      magic-string: 0.30.10
      rollup: 4.18.0
      typescript: 5.4.5
    optionalDependencies:
      '@babel/code-frame': 7.24.6
    dev: true

  /rollup-plugin-swc3@0.11.2(@swc/core@1.5.7)(rollup@4.18.0):
    resolution: {integrity: sha512-o1ih9B806fV2wBSNk46T0cYfTF2eiiKmYXRpWw3K4j/Cp3tCAt10UCVsTqvUhGP58pcB3/GZcAVl5e7TCSKN6Q==}
    engines: {node: '>=12'}
    peerDependencies:
      '@swc/core': '>=1.2.165'
      rollup: ^2.0.0 || ^3.0.0 || ^4.0.0
    dependencies:
      '@fastify/deepmerge': 1.3.0
      '@rollup/pluginutils': 5.1.0(rollup@4.18.0)
      '@swc/core': 1.5.7(@swc/helpers@0.5.11)
      get-tsconfig: 4.7.5
      rollup: 4.18.0
      rollup-preserve-directives: 1.1.1(rollup@4.18.0)
    dev: true

  /rollup-preserve-directives@1.1.1(rollup@4.18.0):
    resolution: {integrity: sha512-+eQafbuEfDPfxQ9hQPlwaROfin4yiVRxap8hnrvvvcSGoukv1tTiYpAW9mvm3uR8J+fe4xd8FdVd5rz9q7jZ+Q==}
    peerDependencies:
      rollup: ^2.0.0 || ^3.0.0 || ^4.0.0
    dependencies:
      magic-string: 0.30.10
      rollup: 4.18.0
    dev: true

  /rollup@4.18.0:
    resolution: {integrity: sha512-QmJz14PX3rzbJCN1SG4Xe/bAAX2a6NpCP8ab2vfu2GiUr8AQcr2nCV/oEO3yneFarB67zk8ShlIyWb2LGTb3Sg==}
    engines: {node: '>=18.0.0', npm: '>=8.0.0'}
    hasBin: true
    dependencies:
      '@types/estree': 1.0.5
    optionalDependencies:
      '@rollup/rollup-android-arm-eabi': 4.18.0
      '@rollup/rollup-android-arm64': 4.18.0
      '@rollup/rollup-darwin-arm64': 4.18.0
      '@rollup/rollup-darwin-x64': 4.18.0
      '@rollup/rollup-linux-arm-gnueabihf': 4.18.0
      '@rollup/rollup-linux-arm-musleabihf': 4.18.0
      '@rollup/rollup-linux-arm64-gnu': 4.18.0
      '@rollup/rollup-linux-arm64-musl': 4.18.0
      '@rollup/rollup-linux-powerpc64le-gnu': 4.18.0
      '@rollup/rollup-linux-riscv64-gnu': 4.18.0
      '@rollup/rollup-linux-s390x-gnu': 4.18.0
      '@rollup/rollup-linux-x64-gnu': 4.18.0
      '@rollup/rollup-linux-x64-musl': 4.18.0
      '@rollup/rollup-win32-arm64-msvc': 4.18.0
      '@rollup/rollup-win32-ia32-msvc': 4.18.0
      '@rollup/rollup-win32-x64-msvc': 4.18.0
      fsevents: 2.3.3
    dev: true

  /scheduler@0.23.2:
    resolution: {integrity: sha512-UOShsPwz7NrMUqhR6t0hWjFduvOzbtv7toDH1/hIrfRNIDBnnBWd0CwJTGvTpngVlmwGCdP9/Zl/tVrDqcuYzQ==}
    dependencies:
      loose-envify: 1.4.0
    dev: true

  /source-map-js@1.2.0:
    resolution: {integrity: sha512-itJW8lvSA0TXEphiRoawsCksnlf8SyvmFzIhltqAHluXd88pkCd+cXJVHTDwdCr0IzwptSm035IHQktUu1QUMg==}
    engines: {node: '>=0.10.0'}
    dev: true

  /source-map@0.6.1:
    resolution: {integrity: sha512-UjgapumWlbMhkBgzT7Ykc5YXUT46F0iKu8SGXq0bcwP5dz/h0Plj6enJqjz1Zbq2l5WaqYnrVbwWOWMyF3F47g==}
    engines: {node: '>=0.10.0'}
    dev: true

  /streamsearch@1.1.0:
    resolution: {integrity: sha512-Mcc5wHehp9aXz1ax6bZUyY5afg9u2rv5cqQI3mRrYkGC8rW2hM02jWuwjtL++LS5qinSyhj2QfLyNsuc+VsExg==}
    engines: {node: '>=10.0.0'}
    dev: true

  /styled-jsx@5.1.1(react@18.3.1):
    resolution: {integrity: sha512-pW7uC1l4mBZ8ugbiZrcIsiIvVx1UmTfw7UkC3Um2tmfUq9Bhk8IiyEIPl6F8agHgjzku6j0xQEZbfA5uSgSaCw==}
    engines: {node: '>= 12.0.0'}
    peerDependencies:
      '@babel/core': '*'
      babel-plugin-macros: '*'
      react: '>= 16.8.0 || 17.x.x || ^18.0.0-0'
    peerDependenciesMeta:
      '@babel/core':
        optional: true
      babel-plugin-macros:
        optional: true
    dependencies:
      client-only: 0.0.1
      react: 18.3.1
    dev: true

  /supports-color@5.5.0:
    resolution: {integrity: sha512-QjVjwdXIt408MIiAqCX4oUKsgU2EqAGzs2Ppkm4aQYbjm+ZEWEcW4SfFNTr4uMNZma0ey4f5lgLrkB0aX0QMow==}
    engines: {node: '>=4'}
    requiresBuild: true
    dependencies:
      has-flag: 3.0.0
    dev: true
    optional: true

  /supports-preserve-symlinks-flag@1.0.0:
    resolution: {integrity: sha512-ot0WnXS9fgdkgIcePe6RHNk1WA8+muPa6cSjeR3V8K27q9BB1rTE3R1p7Hv0z1ZyAc8s6Vvv8DIyWf681MAt0w==}
    engines: {node: '>= 0.4'}
    dev: true

  /tslib@2.6.2:
    resolution: {integrity: sha512-AEYxH93jGFPn/a2iVAwW87VuUIkR1FVUKB77NwMF7nBTDkDrrT/Hpt/IrCJ0QXhW27jTBDcf5ZY7w6RiqTMw2Q==}
    dev: true

  /typescript@5.4.5:
    resolution: {integrity: sha512-vcI4UpRgg81oIRUFwR0WSIHKt11nJ7SAVlYNIu+QpqeyXP+gpQJy/Z4+F0aGxSE4MqwjyXvW/TzgkLAx2AGHwQ==}
    engines: {node: '>=14.17'}
    hasBin: true
    dev: true

  /wrappy@1.0.2:
    resolution: {integrity: sha512-l4Sp/DRseor9wL6EvV2+TuQn63dMkPjZ/sp9XkghTEbV9KlPS1xUsZ3u7/IQO4wxtcFB4bgpQPRcR3QCvezPcQ==}
    dev: true
